PODS:
  - Alamofire (4.5.1)
  - Crashlytics (3.9.3):
    - Fabric (~> 1.7.2)
  - Fabric (1.7.2)
  - IQKeyboardManagerSwift (5.0.6)
  - Kanna (2.1.1)
  - Kingfisher (4.2.0)
  - MarkdownView (1.1.0)
  - NSObject+Rx (4.2.0):
    - RxSwift (~> 4.0)
  - PasswordExtension (4.1.0)
  - PKHUD (5.0.0)
  - PullToRefreshKit (0.7.0)
  - Reveal-SDK (4)
  - RxCocoa (4.0.0):
    - RxSwift (~> 4.0)
  - RxOptional (3.3.0):
    - RxCocoa (~> 4.0)
    - RxSwift (~> 4.0)
  - RxSwift (4.0.0)
  - SKPhotoBrowser (5.0.0)
  - SnapKit (4.0.0)
  - StatefulViewController (3.0)
  - Toaster (2.1.1)
  - UIView+Positioning (1.5)
  - YYText (1.0.7)

DEPENDENCIES:
  - Alamofire
  - Crashlytics
  - Fabric
  - IQKeyboardManagerSwift
  - Kanna (~> 2.1.0)
  - Kingfisher
  - MarkdownView
  - NSObject+Rx
  - PasswordExtension
  - PKHUD
  - PullToRefreshKit (from `https://github.com/Joe0708/PullToRefreshKit.git`)
  - Reveal-SDK (~> 4)
  - RxCocoa (~> 4.0)
  - RxOptional
  - RxSwift (~> 4.0)
  - SKPhotoBrowser
  - SnapKit
  - StatefulViewController
  - Toaster (from `https://github.com/Joe0708/Toaster.git`)
  - UIView+Positioning
  - YYText

EXTERNAL SOURCES:
  PullToRefreshKit:
    :git: https://github.com/Joe0708/PullToRefreshKit.git
  Toaster:
    :git: https://github.com/Joe0708/Toaster.git

CHECKOUT OPTIONS:
  PullToRefreshKit:
    :commit: c04adc720d374b6013db34e6b67b4e94c31663af
    :git: https://github.com/Joe0708/PullToRefreshKit.git
  Toaster:
    :commit: 4bfbf0c8d6b6f6371f7831307f9a58e193335549
    :git: https://github.com/Joe0708/Toaster.git

SPEC CHECKSUMS:
  Alamofire: 2d95912bf4c34f164fdfc335872e8c312acaea4a
  Crashlytics: dbb07d01876c171c5ccbdf7826410380189e452c
  Fabric: 9cd6a848efcf1b8b07497e0b6a2e7d336353ba15
  IQKeyboardManagerSwift: 02bfbb0dff71c66d0ab77d80d25dfce0c3717735
  Kanna: 9b4b086c218703f2b94f5b21a466217dd2f9332e
  Kingfisher: 9ee7e788d8ba07c3f21ce0d43f33cec310a4f781
  MarkdownView: 80db8e9a27a6c6cc22615e644e3e85c06065bab7
  NSObject+Rx: cbbc05e3cb3ad446cdbced3e00e39c9efaf02925
  PasswordExtension: 80a57bdae651d04437c8d2e07d90d5f18fe73180
  PKHUD: 3c001512c6e002091184197a8de7a20420786e3b
  PullToRefreshKit: 537bd8152e2baba53ceb01874010026480e09e73
  Reveal-SDK: 178c927f1a3230648d3a92b96f6e730a35b2750a
  RxCocoa: d62846ca96495d862fa4c59ea7d87e5031d7340e
  RxOptional: e5448d3e21024489e07c31f6a262f2b50c975367
  RxSwift: fd680d75283beb5e2559486f3c0ff852f0d35334
  SKPhotoBrowser: fe936f878955a568c726bf05d14e1d2717d91ce0
  SnapKit: a42d492c16e80209130a3379f73596c3454b7694
  StatefulViewController: 4803bf900d44de26074344998e10e041113b5931
  Toaster: 683521465d8d4d684baca3b55cd248030b51e813
  UIView+Positioning: 20dd76cee61a0be663c42c24304a0baf4eebe7f7
  YYText: 5c461d709e24d55a182d1441c41dc639a18a4849

PODFILE CHECKSUM: d1b81fdb74fecb82829653f61e34a0157269904f

COCOAPODS: 1.3.1
