PODS:
  - Alamofire (4.5.1)
  - ARSegmentPager (1.1.3)
  - Carte (2.1.4)
  - IQKeyboardManagerSwift (5.0.4)
  - Kanna (2.1.1)
  - Kingfisher (4.1.1)
  - Marklight (1.3.0)
  - PKHUD (5.0.0)
  - Reveal-SDK (4)
  - RxCocoa (4.0.0):
    - RxSwift (~> 4.0)
  - RxOptional (3.2.0):
    - RxCocoa
    - RxSwift
  - RxSwift (4.0.0)
  - SnapKit (4.0.0)
  - SQLite.swift (0.11.4):
    - SQLite.swift/standard (= 0.11.4)
  - SQLite.swift/standard (0.11.4)
  - StatefulViewController (3.0)
  - SwiftyMarkdown (0.5.0)
  - Themes (1.1.0)
  - Toaster (2.1.0)
  - UIView+Positioning (1.5)
  - ViewAnimator (1.0.1)

DEPENDENCIES:
  - Alamofire
  - ARSegmentPager (from `https://github.com/AugustRush/ARSegmentPager.git`)
  - Carte
  - IQKeyboardManagerSwift
  - Kanna (~> 2.1.0)
  - Kingfisher
  - Marklight
  - PKHUD
  - Reveal-SDK (~> 4)
  - RxCocoa (~> 4.0)
  - RxOptional
  - RxSwift (~> 4.0)
  - SnapKit
  - SQLite.swift
  - StatefulViewController
  - SwiftyMarkdown
  - Themes
  - Toaster
  - UIView+Positioning
  - ViewAnimator

EXTERNAL SOURCES:
  ARSegmentPager:
    :git: https://github.com/AugustRush/ARSegmentPager.git

CHECKOUT OPTIONS:
  ARSegmentPager:
    :commit: 50f90234c2347406724d51490a3935aac1b3cf58
    :git: https://github.com/AugustRush/ARSegmentPager.git

SPEC CHECKSUMS:
  Alamofire: 2d95912bf4c34f164fdfc335872e8c312acaea4a
  ARSegmentPager: 10d9ded8105c6d78841f625a1a71db35e14b1c10
  Carte: a19a62db8478426c406f40048d0c67e98a021c39
  IQKeyboardManagerSwift: a0592bb636b10a9a1cf75d2b2c61144226226c84
  Kanna: 9b4b086c218703f2b94f5b21a466217dd2f9332e
  Kingfisher: 6793a473357b5dbee42b0068ef203fe8325f259e
  Marklight: 54432ea3e99f1712129037b3191d54615d6cbe6c
  PKHUD: 3c001512c6e002091184197a8de7a20420786e3b
  Reveal-SDK: 178c927f1a3230648d3a92b96f6e730a35b2750a
  RxCocoa: d62846ca96495d862fa4c59ea7d87e5031d7340e
  RxOptional: d2d6a68064bc16b4801332c40663967f481b0234
  RxSwift: fd680d75283beb5e2559486f3c0ff852f0d35334
  SnapKit: a42d492c16e80209130a3379f73596c3454b7694
  SQLite.swift: 3e3bee21da701b5b9f87c4a672cb54f233505692
  StatefulViewController: 4803bf900d44de26074344998e10e041113b5931
  SwiftyMarkdown: 6dfc24a82dcb4410d89d8fe3159182395ee0c988
  Themes: 9c5626e1b9d0a5683e5179c00c38077bd0281148
  Toaster: 8c3225dc465bef4aa57e147a288724576df8e439
  UIView+Positioning: 20dd76cee61a0be663c42c24304a0baf4eebe7f7
  ViewAnimator: a094d13bc86e868e908d33e524fcb58a4ddcf98e

PODFILE CHECKSUM: 785d09f60f16978a815bb7f27031ef24af179d25

COCOAPODS: 1.3.1
