// !$*UTF8*$!
{
	archiveVersion = 1;
	classes = {
	};
	objectVersion = 48;
	objects = {

/* Begin PBXBuildFile section */
		2679076A484F9440FD8C14A2 /* Pods_V2EXTests.framework in Frameworks */ = {isa = PBXBuildFile; fileRef = 69E17711CA7552BBF8B34515 /* Pods_V2EXTests.framework */; };
		772A577B1F9786EB003FBE1A /* CreateTopicViewController.swift in Sources */ = {isa = PBXBuildFile; fileRef = 772A577A1F9786EB003FBE1A /* CreateTopicViewController.swift */; };
		773CD8F81F9B141200D5578F /* UIScrollView+Extension.swift in Sources */ = {isa = PBXBuildFile; fileRef = 773CD8F71F9B141200D5578F /* UIScrollView+Extension.swift */; };
		77507E691F9B168800D62286 /* String+PinYin.swift in Sources */ = {isa = PBXBuildFile; fileRef = 77507E681F9B168800D62286 /* String+PinYin.swift */; };
		77507E6B1F9B176700D62286 /* NodeSearchResultViewController.swift in Sources */ = {isa = PBXBuildFile; fileRef = 77507E6A1F9B176700D62286 /* NodeSearchResultViewController.swift */; };
		7756CCC61F92354B00EF47B8 /* LeftAlignedCollectionViewFlowLayout.swift in Sources */ = {isa = PBXBuildFile; fileRef = 7756CCC51F92354B00EF47B8 /* LeftAlignedCollectionViewFlowLayout.swift */; };
		7756CCC81F92360F00EF47B8 /* NodeCell.swift in Sources */ = {isa = PBXBuildFile; fileRef = 7756CCC71F92360F00EF47B8 /* NodeCell.swift */; };
		7756CCCA1F923D6100EF47B8 /* NodeHeaderView.swift in Sources */ = {isa = PBXBuildFile; fileRef = 7756CCC91F923D6100EF47B8 /* NodeHeaderView.swift */; };
		7756CCCC1F92475F00EF47B8 /* NodeDetailViewController.swift in Sources */ = {isa = PBXBuildFile; fileRef = 7756CCCB1F92475F00EF47B8 /* NodeDetailViewController.swift */; };
		7756CCCE1F9248CF00EF47B8 /* NodeService.swift in Sources */ = {isa = PBXBuildFile; fileRef = 7756CCCD1F9248CF00EF47B8 /* NodeService.swift */; };
		7756CCD01F924F7A00EF47B8 /* HTMLParseService.swift in Sources */ = {isa = PBXBuildFile; fileRef = 7756CCCF1F924F7A00EF47B8 /* HTMLParseService.swift */; };
		776EFDCF1F9BA9690087AECC /* TSegmentedControlView.swift in Sources */ = {isa = PBXBuildFile; fileRef = 776EFDCC1F9BA9690087AECC /* TSegmentedControlView.swift */; };
		776EFDD01F9BA9690087AECC /* TSegmentedView.swift in Sources */ = {isa = PBXBuildFile; fileRef = 776EFDCD1F9BA9690087AECC /* TSegmentedView.swift */; };
		776EFDD11F9BA9690087AECC /* TSVExtension.swift in Sources */ = {isa = PBXBuildFile; fileRef = 776EFDCE1F9BA9690087AECC /* TSVExtension.swift */; };
		776EFDD41F9BB9E70087AECC /* ShareSheetView.swift in Sources */ = {isa = PBXBuildFile; fileRef = 776EFDD21F9BB9E70087AECC /* ShareSheetView.swift */; };
		776EFDD51F9BB9E70087AECC /* ShareItemView.swift in Sources */ = {isa = PBXBuildFile; fileRef = 776EFDD31F9BB9E70087AECC /* ShareItemView.swift */; };
		778AC6A01F9A29730072C6E9 /* SearchResultModel.swift in Sources */ = {isa = PBXBuildFile; fileRef = 778AC69F1F9A29730072C6E9 /* SearchResultModel.swift */; };
		778AC6A61F9A2C810072C6E9 /* TopicSearchResultViewController.swift in Sources */ = {isa = PBXBuildFile; fileRef = 778AC6A51F9A2C810072C6E9 /* TopicSearchResultViewController.swift */; };
		778AC6A81F9A2D540072C6E9 /* TopicSearchResultCell.swift in Sources */ = {isa = PBXBuildFile; fileRef = 778AC6A71F9A2D540072C6E9 /* TopicSearchResultCell.swift */; };
		778AC6B41F9AF07F0072C6E9 /* Highlightable.swift in Sources */ = {isa = PBXBuildFile; fileRef = 778AC6AD1F9AF07F0072C6E9 /* Highlightable.swift */; };
		778AC6B51F9AF07F0072C6E9 /* HighlightableContainer.swift in Sources */ = {isa = PBXBuildFile; fileRef = 778AC6AE1F9AF07F0072C6E9 /* HighlightableContainer.swift */; };
		778AC6B61F9AF07F0072C6E9 /* Highlightables.swift in Sources */ = {isa = PBXBuildFile; fileRef = 778AC6AF1F9AF07F0072C6E9 /* Highlightables.swift */; };
		778AC6B81F9AF07F0072C6E9 /* NSAttributedString+Extensions.swift in Sources */ = {isa = PBXBuildFile; fileRef = 778AC6B21F9AF07F0072C6E9 /* NSAttributedString+Extensions.swift */; };
		778AC6B91F9AF07F0072C6E9 /* String+Extensions.swift in Sources */ = {isa = PBXBuildFile; fileRef = 778AC6B31F9AF07F0072C6E9 /* String+Extensions.swift */; };
		779064481F9B72C1001A5ABA /* UIViewChain.swift in Sources */ = {isa = PBXBuildFile; fileRef = 779064471F9B72C1001A5ABA /* UIViewChain.swift */; };
		779B16FE1F8FA5DE00E912E7 /* AccountModel.swift in Sources */ = {isa = PBXBuildFile; fileRef = 779B16FD1F8FA5DE00E912E7 /* AccountModel.swift */; };
		779B17001F8FA87A00E912E7 /* UITableView+Extension.swift in Sources */ = {isa = PBXBuildFile; fileRef = 779B16FF1F8FA87A00E912E7 /* UITableView+Extension.swift */; };
		779B17021F8FA8A900E912E7 /* TopicCell.swift in Sources */ = {isa = PBXBuildFile; fileRef = 779B17011F8FA8A900E912E7 /* TopicCell.swift */; };
		779B17041F8FA8C100E912E7 /* BaseTableViewCell.swift in Sources */ = {isa = PBXBuildFile; fileRef = 779B17031F8FA8C100E912E7 /* BaseTableViewCell.swift */; };
		779B17061F8FAF5A00E912E7 /* UILable+Extension.swift in Sources */ = {isa = PBXBuildFile; fileRef = 779B17051F8FAF5A00E912E7 /* UILable+Extension.swift */; };
		779B17081F8FB0AF00E912E7 /* UIImageView+Extension.swift in Sources */ = {isa = PBXBuildFile; fileRef = 779B17071F8FB0AF00E912E7 /* UIImageView+Extension.swift */; };
		77B75DAC1F94EA8F00B7312B /* MemberModel.swift in Sources */ = {isa = PBXBuildFile; fileRef = 77B75DAB1F94EA8F00B7312B /* MemberModel.swift */; };
		77B75DAE1F94FB8C00B7312B /* NodeCollectViewController.swift in Sources */ = {isa = PBXBuildFile; fileRef = 77B75DAD1F94FB8C00B7312B /* NodeCollectViewController.swift */; };
		77C8DF6B1F92FD8F009DE52C /* MoreViewController.swift in Sources */ = {isa = PBXBuildFile; fileRef = 77C8DF6A1F92FD8F009DE52C /* MoreViewController.swift */; };
		77C8DF6E1F92FDE2009DE52C /* LoginViewController.swift in Sources */ = {isa = PBXBuildFile; fileRef = 77C8DF6D1F92FDE2009DE52C /* LoginViewController.swift */; };
		77C8DF701F9305F8009DE52C /* AccountService.swift in Sources */ = {isa = PBXBuildFile; fileRef = 77C8DF6F1F9305F8009DE52C /* AccountService.swift */; };
		77C8DF721F930B0E009DE52C /* LoginForm.swift in Sources */ = {isa = PBXBuildFile; fileRef = 77C8DF711F930B0E009DE52C /* LoginForm.swift */; };
		77C8DF741F9316F1009DE52C /* UITextField+Extension.swift in Sources */ = {isa = PBXBuildFile; fileRef = 77C8DF731F9316F0009DE52C /* UITextField+Extension.swift */; };
		77D0DDF31F9F677500DDC366 /* MemberCell.swift in Sources */ = {isa = PBXBuildFile; fileRef = 77D0DDF21F9F677500DDC366 /* MemberCell.swift */; };
		80BDADB66F39CEA2AACC3733 /* Pods_V2EXUITests.framework in Frameworks */ = {isa = PBXBuildFile; fileRef = F6B6818F911EA9C433951F18 /* Pods_V2EXUITests.framework */; };
		BF02A2C21F8F3E3800BEF85E /* AppSetup.swift in Sources */ = {isa = PBXBuildFile; fileRef = BF02A2C11F8F3E3800BEF85E /* AppSetup.swift */; };
		BF02A2CE1F8F3FE400BEF85E /* Theme.swift in Sources */ = {isa = PBXBuildFile; fileRef = BF02A2CD1F8F3FE400BEF85E /* Theme.swift */; };
		BF02A2D21F8F42B600BEF85E /* UIColor+Extension.swift in Sources */ = {isa = PBXBuildFile; fileRef = BF02A2D11F8F425C00BEF85E /* UIColor+Extension.swift */; };
		BF02A2D31F8F42B800BEF85E /* TabBarViewController.swift in Sources */ = {isa = PBXBuildFile; fileRef = BF02A2CC1F8F3F3E00BEF85E /* TabBarViewController.swift */; };
		BF02A2D51F8F433C00BEF85E /* NavigationViewController.swift in Sources */ = {isa = PBXBuildFile; fileRef = BF02A2D41F8F433C00BEF85E /* NavigationViewController.swift */; };
		BF39FFE71F94421C00D6F8BD /* Binder+Extension.swift in Sources */ = {isa = PBXBuildFile; fileRef = BF39FFE61F94421C00D6F8BD /* Binder+Extension.swift */; };
		BF39FFE91F9442DA00D6F8BD /* LoadingButton.swift in Sources */ = {isa = PBXBuildFile; fileRef = BF39FFE81F9442DA00D6F8BD /* LoadingButton.swift */; };
		BF3AB5C51F9756D500043269 /* CommentInputView.swift in Sources */ = {isa = PBXBuildFile; fileRef = BF3AB5C41F9756D500043269 /* CommentInputView.swift */; };
		BF3AB5C71F97672300043269 /* UIPlaceholderTextView.swift in Sources */ = {isa = PBXBuildFile; fileRef = BF3AB5C61F97672300043269 /* UIPlaceholderTextView.swift */; };
		BF3AB5C91F976D7100043269 /* UIView+Border.swift in Sources */ = {isa = PBXBuildFile; fileRef = BF3AB5C81F976D7000043269 /* UIView+Border.swift */; };
		BF45DFD21F9ED9140001BEB2 /* ErrorView.swift in Sources */ = {isa = PBXBuildFile; fileRef = BF45DFD11F9ED9140001BEB2 /* ErrorView.swift */; };
		BF45E0051F9EFEE30001BEB2 /* EnumCollection.swift in Sources */ = {isa = PBXBuildFile; fileRef = BF45E0041F9EFEE30001BEB2 /* EnumCollection.swift */; };
		BF45E0071F9F03380001BEB2 /* AppWindow.swift in Sources */ = {isa = PBXBuildFile; fileRef = BF45E0061F9F03380001BEB2 /* AppWindow.swift */; };
		BF45E00A1F9F08A90001BEB2 /* DataViewController.swift in Sources */ = {isa = PBXBuildFile; fileRef = BF45E0091F9F08A90001BEB2 /* DataViewController.swift */; };
		BF45E00C1F9F0A400001BEB2 /* StateView.swift in Sources */ = {isa = PBXBuildFile; fileRef = BF45E00B1F9F0A400001BEB2 /* StateView.swift */; };
		BF45FCCD1F906E0D006B2C2F /* TopicDetailViewController.swift in Sources */ = {isa = PBXBuildFile; fileRef = BF45FCCC1F906E0D006B2C2F /* TopicDetailViewController.swift */; };
		BF45FCCF1F906E74006B2C2F /* CommentModel.swift in Sources */ = {isa = PBXBuildFile; fileRef = BF45FCCE1F906E74006B2C2F /* CommentModel.swift */; };
		BF4D779E1F9D896500FAEB7C /* MarkdownPreviewViewController.swift in Sources */ = {isa = PBXBuildFile; fileRef = BF4D779D1F9D896500FAEB7C /* MarkdownPreviewViewController.swift */; };
		BF5A6B681F99834400CF6BA1 /* MessageViewController.swift in Sources */ = {isa = PBXBuildFile; fileRef = BF5A6B671F99834400CF6BA1 /* MessageViewController.swift */; };
		BF5A6B6B1F99851500CF6BA1 /* MessageCell.swift in Sources */ = {isa = PBXBuildFile; fileRef = BF5A6B6A1F99851500CF6BA1 /* MessageCell.swift */; };
		BF5A6B6D1F99889400CF6BA1 /* MessageModel.swift in Sources */ = {isa = PBXBuildFile; fileRef = BF5A6B6C1F99889400CF6BA1 /* MessageModel.swift */; };
		BF5A6B851F99D05800CF6BA1 /* BaseTopicsViewController.swift in Sources */ = {isa = PBXBuildFile; fileRef = BF5A6B841F99D05800CF6BA1 /* BaseTopicsViewController.swift */; };
		BF5A6B871F99D3D800CF6BA1 /* MyTopicsViewController.swift in Sources */ = {isa = PBXBuildFile; fileRef = BF5A6B861F99D3D800CF6BA1 /* MyTopicsViewController.swift */; };
		BF5A6B891F99DBB600CF6BA1 /* MyReplyViewController.swift in Sources */ = {isa = PBXBuildFile; fileRef = BF5A6B881F99DBB600CF6BA1 /* MyReplyViewController.swift */; };
		BF5A6B8B1F99E9DB00CF6BA1 /* ReplyCell.swift in Sources */ = {isa = PBXBuildFile; fileRef = BF5A6B8A1F99E9DB00CF6BA1 /* ReplyCell.swift */; };
		BF65BDB81F8E12C80010B4C9 /* AppDelegate.swift in Sources */ = {isa = PBXBuildFile; fileRef = BF65BDB71F8E12C80010B4C9 /* AppDelegate.swift */; };
		BF65BDBF1F8E12C80010B4C9 /* Assets.xcassets in Resources */ = {isa = PBXBuildFile; fileRef = BF65BDBE1F8E12C80010B4C9 /* Assets.xcassets */; };
		BF65BDC21F8E12C80010B4C9 /* LaunchScreen.storyboard in Resources */ = {isa = PBXBuildFile; fileRef = BF65BDC01F8E12C80010B4C9 /* LaunchScreen.storyboard */; };
		BF65BDCD1F8E12C80010B4C9 /* V2EXTests.swift in Sources */ = {isa = PBXBuildFile; fileRef = BF65BDCC1F8E12C80010B4C9 /* V2EXTests.swift */; };
		BF65BDD81F8E12C80010B4C9 /* V2EXUITests.swift in Sources */ = {isa = PBXBuildFile; fileRef = BF65BDD71F8E12C80010B4C9 /* V2EXUITests.swift */; };
		BF701F201F98610900761E82 /* MarkdownInputAccessoryView.swift in Sources */ = {isa = PBXBuildFile; fileRef = BF701F1F1F98610900761E82 /* MarkdownInputAccessoryView.swift */; };
		BF7B11181F91E473003815C1 /* UIInsetLabel.swift in Sources */ = {isa = PBXBuildFile; fileRef = BF7B11171F91E473003815C1 /* UIInsetLabel.swift */; };
		BF7B111A1F91E5A3003815C1 /* HUD.swift in Sources */ = {isa = PBXBuildFile; fileRef = BF7B11191F91E5A3003815C1 /* HUD.swift */; };
		BF7B111E1F91F960003815C1 /* DB.swift in Sources */ = {isa = PBXBuildFile; fileRef = BF7B111D1F91F960003815C1 /* DB.swift */; };
		BF7B11201F91F9EA003815C1 /* NodeStore.swift in Sources */ = {isa = PBXBuildFile; fileRef = BF7B111F1F91F9EA003815C1 /* NodeStore.swift */; };
		BF9EC81C1F95928E00E7AA02 /* NodeCollectCell.swift in Sources */ = {isa = PBXBuildFile; fileRef = BF9EC81B1F95928E00E7AA02 /* NodeCollectCell.swift */; };
		BF9EC81E1F95BFC800E7AA02 /* SweetWebViewController.swift in Sources */ = {isa = PBXBuildFile; fileRef = BF9EC81D1F95BFC800E7AA02 /* SweetWebViewController.swift */; };
		BF9EC8201F95C39A00E7AA02 /* MemberPageViewController.swift in Sources */ = {isa = PBXBuildFile; fileRef = BF9EC81F1F95C39A00E7AA02 /* MemberPageViewController.swift */; };
		BF9EC8271F95D6EE00E7AA02 /* BasePlaceholderView.swift in Sources */ = {isa = PBXBuildFile; fileRef = BF9EC8241F95D6EE00E7AA02 /* BasePlaceholderView.swift */; };
		BF9EC8281F95D6EE00E7AA02 /* EmptyView.swift in Sources */ = {isa = PBXBuildFile; fileRef = BF9EC8251F95D6EE00E7AA02 /* EmptyView.swift */; };
		BF9EC8291F95D6EE00E7AA02 /* LoadingView.swift in Sources */ = {isa = PBXBuildFile; fileRef = BF9EC8261F95D6EE00E7AA02 /* LoadingView.swift */; };
		BFBCE5A31F90BB9E000106D6 /* HelperFunctions.swift in Sources */ = {isa = PBXBuildFile; fileRef = BFBCE5A21F90BB9E000106D6 /* HelperFunctions.swift */; };
		BFBCE5AE1F90C14B000106D6 /* ActivityIndicator.swift in Sources */ = {isa = PBXBuildFile; fileRef = BFBCE5A51F90C14B000106D6 /* ActivityIndicator.swift */; };
		BFBCE5AF1F90C14B000106D6 /* Observable+Operators.swift in Sources */ = {isa = PBXBuildFile; fileRef = BFBCE5A61F90C14B000106D6 /* Observable+Operators.swift */; };
		BFBCE5B01F90C14B000106D6 /* RxKeyboard.swift in Sources */ = {isa = PBXBuildFile; fileRef = BFBCE5A71F90C14B000106D6 /* RxKeyboard.swift */; };
		BFBCE5B11F90C14B000106D6 /* Scheduler+Rx.swift in Sources */ = {isa = PBXBuildFile; fileRef = BFBCE5A81F90C14B000106D6 /* Scheduler+Rx.swift */; };
		BFBCE5B21F90C14B000106D6 /* Swift+Extension.swift in Sources */ = {isa = PBXBuildFile; fileRef = BFBCE5A91F90C14B000106D6 /* Swift+Extension.swift */; };
		BFBCE5B31F90C14B000106D6 /* UIBarButtonItem+ClosureAction.swift in Sources */ = {isa = PBXBuildFile; fileRef = BFBCE5AA1F90C14B000106D6 /* UIBarButtonItem+ClosureAction.swift */; };
		BFBCE5B61F90C14B000106D6 /* UIViewController+Rx.swift in Sources */ = {isa = PBXBuildFile; fileRef = BFBCE5AD1F90C14B000106D6 /* UIViewController+Rx.swift */; };
		BFBCE5B81F90C4FC000106D6 /* NodesViewController.swift in Sources */ = {isa = PBXBuildFile; fileRef = BFBCE5B71F90C4FC000106D6 /* NodesViewController.swift */; };
		BFC89B491FA0283800759577 /* TextParser.swift in Sources */ = {isa = PBXBuildFile; fileRef = BFC89B481FA0283800759577 /* TextParser.swift */; };
		BFC89B4B1FA033CD00759577 /* FPSLabel.swift in Sources */ = {isa = PBXBuildFile; fileRef = BFC89B4A1FA033CD00759577 /* FPSLabel.swift */; };
		BFCB67431F8F48AA00D05A90 /* NSObject+Rx.swift in Sources */ = {isa = PBXBuildFile; fileRef = BFCB67421F8F489E00D05A90 /* NSObject+Rx.swift */; };
		BFCB67461F8F498900D05A90 /* HomeViewController.swift in Sources */ = {isa = PBXBuildFile; fileRef = BFCB67451F8F498900D05A90 /* HomeViewController.swift */; };
		BFCB67481F8F499600D05A90 /* BaseViewController.swift in Sources */ = {isa = PBXBuildFile; fileRef = BFCB67471F8F499600D05A90 /* BaseViewController.swift */; };
		BFCB674A1F8F49EA00D05A90 /* Logger.swift in Sources */ = {isa = PBXBuildFile; fileRef = BFCB67491F8F49BD00D05A90 /* Logger.swift */; };
		BFCB674D1F8F4A2C00D05A90 /* Foundation+Extension.swift in Sources */ = {isa = PBXBuildFile; fileRef = BFCB674C1F8F4A2200D05A90 /* Foundation+Extension.swift */; };
		BFCB674F1F8F4A4000D05A90 /* String+Extension.swift in Sources */ = {isa = PBXBuildFile; fileRef = BFCB674E1F8F4A4000D05A90 /* String+Extension.swift */; };
		BFCB67511F8F4B2300D05A90 /* UIView+Extension.swift in Sources */ = {isa = PBXBuildFile; fileRef = BFCB67501F8F4B2300D05A90 /* UIView+Extension.swift */; };
		BFCB675A1F8F51DD00D05A90 /* API2.swift in Sources */ = {isa = PBXBuildFile; fileRef = BFCB67591F8F50E700D05A90 /* API2.swift */; };
		BFCB675B1F8F51DD00D05A90 /* Networking.swift in Sources */ = {isa = PBXBuildFile; fileRef = BFCB67571F8F50E600D05A90 /* Networking.swift */; };
		BFCB675C1F8F51DD00D05A90 /* TargetType.swift in Sources */ = {isa = PBXBuildFile; fileRef = BFCB67581F8F50E600D05A90 /* TargetType.swift */; };
		BFCB675E1F8F521D00D05A90 /* Constants.swift in Sources */ = {isa = PBXBuildFile; fileRef = BFCB675D1F8F521D00D05A90 /* Constants.swift */; };
		BFCB67601F8F52B800D05A90 /* GCD.swift in Sources */ = {isa = PBXBuildFile; fileRef = BFCB675F1F8F52B700D05A90 /* GCD.swift */; };
		BFCB67641F8F666100D05A90 /* API.swift in Sources */ = {isa = PBXBuildFile; fileRef = BFCB67631F8F666100D05A90 /* API.swift */; };
		BFCB67661F8F709F00D05A90 /* TopicService.swift in Sources */ = {isa = PBXBuildFile; fileRef = BFCB67651F8F709F00D05A90 /* TopicService.swift */; };
		BFCB67681F8F716600D05A90 /* NodeModel.swift in Sources */ = {isa = PBXBuildFile; fileRef = BFCB67671F8F716600D05A90 /* NodeModel.swift */; };
		BFCB676A1F8F721700D05A90 /* TopicModel.swift in Sources */ = {isa = PBXBuildFile; fileRef = BFCB67691F8F721700D05A90 /* TopicModel.swift */; };
		BFCE8E081F904CA80026F100 /* NodeTabView.swift in Sources */ = {isa = PBXBuildFile; fileRef = BFCE8E071F904CA80026F100 /* NodeTabView.swift */; };
		BFE3947B1F90822E00D3ED1D /* TopicDetailHeaderView.swift in Sources */ = {isa = PBXBuildFile; fileRef = BFE3947A1F90822E00D3ED1D /* TopicDetailHeaderView.swift */; };
		BFE3947D1F90823D00D3ED1D /* TopicCommentCell.swift in Sources */ = {isa = PBXBuildFile; fileRef = BFE3947C1F90823D00D3ED1D /* TopicCommentCell.swift */; };
		BFE394841F909CC600D3ED1D /* style.css in Resources */ = {isa = PBXBuildFile; fileRef = BFE3947E1F909B1400D3ED1D /* style.css */; };
		BFE8CB291FA051E2007E2F02 /* ViewDialogViewController.swift in Sources */ = {isa = PBXBuildFile; fileRef = BFE8CB281FA051E2007E2F02 /* ViewDialogViewController.swift */; };
		BFE8CB2B1FA0541C007E2F02 /* UIViewController+Extension.swift in Sources */ = {isa = PBXBuildFile; fileRef = BFE8CB2A1FA0541C007E2F02 /* UIViewController+Extension.swift */; };
		BFE8CB2D1FA09A9D007E2F02 /* MentionedParser.swift in Sources */ = {isa = PBXBuildFile; fileRef = BFE8CB2C1FA09A9D007E2F02 /* MentionedParser.swift */; };
		BFEC91CC1F94782A0050B7F5 /* UIKit+Extension.swift in Sources */ = {isa = PBXBuildFile; fileRef = BFEC91CB1F94782A0050B7F5 /* UIKit+Extension.swift */; };
		BFEC91CF1F948D8E0050B7F5 /* RegisterViewController.swift in Sources */ = {isa = PBXBuildFile; fileRef = BFEC91CE1F948D8E0050B7F5 /* RegisterViewController.swift */; };
		BFEC91D11F9490570050B7F5 /* ForgotPasswordViewController.swift in Sources */ = {isa = PBXBuildFile; fileRef = BFEC91D01F9490570050B7F5 /* ForgotPasswordViewController.swift */; };
		BFEC91D31F94AC530050B7F5 /* String+Validate.swift in Sources */ = {isa = PBXBuildFile; fileRef = BFEC91D21F94AC530050B7F5 /* String+Validate.swift */; };
		BFFAFDE91F9F4428000EB91C /* MemberListViewController.swift in Sources */ = {isa = PBXBuildFile; fileRef = BFFAFDE81F9F4428000EB91C /* MemberListViewController.swift */; };
		C00FF4E9D54113900F400975 /* Pods_V2EX.framework in Frameworks */ = {isa = PBXBuildFile; fileRef = EDEF560D2C703ABBF56BE30E /* Pods_V2EX.framework */; };
/* End PBXBuildFile section */

/* Begin PBXContainerItemProxy section */
		BF65BDC91F8E12C80010B4C9 /* PBXContainerItemProxy */ = {
			isa = PBXContainerItemProxy;
			containerPortal = BF65BDAC1F8E12C80010B4C9 /* Project object */;
			proxyType = 1;
			remoteGlobalIDString = BF65BDB31F8E12C80010B4C9;
			remoteInfo = V2EX;
		};
		BF65BDD41F8E12C80010B4C9 /* PBXContainerItemProxy */ = {
			isa = PBXContainerItemProxy;
			containerPortal = BF65BDAC1F8E12C80010B4C9 /* Project object */;
			proxyType = 1;
			remoteGlobalIDString = BF65BDB31F8E12C80010B4C9;
			remoteInfo = V2EX;
		};
/* End PBXContainerItemProxy section */

/* Begin PBXFileReference section */
		038B6C7B12D8A9D80518EA73 /* Pods-V2EXUITests.debug.xcconfig */ = {isa = PBXFileReference; includeInIndex = 1; lastKnownFileType = text.xcconfig; name = "Pods-V2EXUITests.debug.xcconfig"; path = "Pods/Target Support Files/Pods-V2EXUITests/Pods-V2EXUITests.debug.xcconfig"; sourceTree = "<group>"; };
		40829FCF6DA7112AC68BAE24 /* Pods-V2EX.debug.xcconfig */ = {isa = PBXFileReference; includeInIndex = 1; lastKnownFileType = text.xcconfig; name = "Pods-V2EX.debug.xcconfig"; path = "Pods/Target Support Files/Pods-V2EX/Pods-V2EX.debug.xcconfig"; sourceTree = "<group>"; };
		69E17711CA7552BBF8B34515 /* Pods_V2EXTests.framework */ = {isa = PBXFileReference; explicitFileType = wrapper.framework; includeInIndex = 0; path = Pods_V2EXTests.framework; sourceTree = BUILT_PRODUCTS_DIR; };
		772A577A1F9786EB003FBE1A /* CreateTopicViewController.swift */ = {isa = PBXFileReference; lastKnownFileType = sourcecode.swift; path = CreateTopicViewController.swift; sourceTree = "<group>"; };
		773CD8F71F9B141200D5578F /* UIScrollView+Extension.swift */ = {isa = PBXFileReference; fileEncoding = 4; lastKnownFileType = sourcecode.swift; path = "UIScrollView+Extension.swift"; sourceTree = "<group>"; };
		77507E681F9B168800D62286 /* String+PinYin.swift */ = {isa = PBXFileReference; lastKnownFileType = sourcecode.swift; path = "String+PinYin.swift"; sourceTree = "<group>"; };
		77507E6A1F9B176700D62286 /* NodeSearchResultViewController.swift */ = {isa = PBXFileReference; lastKnownFileType = sourcecode.swift; path = NodeSearchResultViewController.swift; sourceTree = "<group>"; };
		7756CCC51F92354B00EF47B8 /* LeftAlignedCollectionViewFlowLayout.swift */ = {isa = PBXFileReference; fileEncoding = 4; lastKnownFileType = sourcecode.swift; path = LeftAlignedCollectionViewFlowLayout.swift; sourceTree = "<group>"; };
		7756CCC71F92360F00EF47B8 /* NodeCell.swift */ = {isa = PBXFileReference; lastKnownFileType = sourcecode.swift; path = NodeCell.swift; sourceTree = "<group>"; };
		7756CCC91F923D6100EF47B8 /* NodeHeaderView.swift */ = {isa = PBXFileReference; lastKnownFileType = sourcecode.swift; path = NodeHeaderView.swift; sourceTree = "<group>"; };
		7756CCCB1F92475F00EF47B8 /* NodeDetailViewController.swift */ = {isa = PBXFileReference; lastKnownFileType = sourcecode.swift; path = NodeDetailViewController.swift; sourceTree = "<group>"; };
		7756CCCD1F9248CF00EF47B8 /* NodeService.swift */ = {isa = PBXFileReference; lastKnownFileType = sourcecode.swift; path = NodeService.swift; sourceTree = "<group>"; };
		7756CCCF1F924F7A00EF47B8 /* HTMLParseService.swift */ = {isa = PBXFileReference; lastKnownFileType = sourcecode.swift; path = HTMLParseService.swift; sourceTree = "<group>"; };
		776EFDCC1F9BA9690087AECC /* TSegmentedControlView.swift */ = {isa = PBXFileReference; fileEncoding = 4; lastKnownFileType = sourcecode.swift; path = TSegmentedControlView.swift; sourceTree = "<group>"; };
		776EFDCD1F9BA9690087AECC /* TSegmentedView.swift */ = {isa = PBXFileReference; fileEncoding = 4; lastKnownFileType = sourcecode.swift; path = TSegmentedView.swift; sourceTree = "<group>"; };
		776EFDCE1F9BA9690087AECC /* TSVExtension.swift */ = {isa = PBXFileReference; fileEncoding = 4; lastKnownFileType = sourcecode.swift; path = TSVExtension.swift; sourceTree = "<group>"; };
		776EFDD21F9BB9E70087AECC /* ShareSheetView.swift */ = {isa = PBXFileReference; fileEncoding = 4; lastKnownFileType = sourcecode.swift; path = ShareSheetView.swift; sourceTree = "<group>"; };
		776EFDD31F9BB9E70087AECC /* ShareItemView.swift */ = {isa = PBXFileReference; fileEncoding = 4; lastKnownFileType = sourcecode.swift; path = ShareItemView.swift; sourceTree = "<group>"; };
		778AC69F1F9A29730072C6E9 /* SearchResultModel.swift */ = {isa = PBXFileReference; fileEncoding = 4; lastKnownFileType = sourcecode.swift; path = SearchResultModel.swift; sourceTree = "<group>"; };
		778AC6A51F9A2C810072C6E9 /* TopicSearchResultViewController.swift */ = {isa = PBXFileReference; lastKnownFileType = sourcecode.swift; path = TopicSearchResultViewController.swift; sourceTree = "<group>"; };
		778AC6A71F9A2D540072C6E9 /* TopicSearchResultCell.swift */ = {isa = PBXFileReference; lastKnownFileType = sourcecode.swift; path = TopicSearchResultCell.swift; sourceTree = "<group>"; };
		778AC6AB1F9AC57A0072C6E9 /* zh-Hans */ = {isa = PBXFileReference; lastKnownFileType = text.plist.strings; name = "zh-Hans"; path = "zh-Hans.lproj/LaunchScreen.strings"; sourceTree = "<group>"; };
		778AC6AD1F9AF07F0072C6E9 /* Highlightable.swift */ = {isa = PBXFileReference; fileEncoding = 4; lastKnownFileType = sourcecode.swift; path = Highlightable.swift; sourceTree = "<group>"; };
		778AC6AE1F9AF07F0072C6E9 /* HighlightableContainer.swift */ = {isa = PBXFileReference; fileEncoding = 4; lastKnownFileType = sourcecode.swift; path = HighlightableContainer.swift; sourceTree = "<group>"; };
		778AC6AF1F9AF07F0072C6E9 /* Highlightables.swift */ = {isa = PBXFileReference; fileEncoding = 4; lastKnownFileType = sourcecode.swift; path = Highlightables.swift; sourceTree = "<group>"; };
		778AC6B21F9AF07F0072C6E9 /* NSAttributedString+Extensions.swift */ = {isa = PBXFileReference; fileEncoding = 4; lastKnownFileType = sourcecode.swift; path = "NSAttributedString+Extensions.swift"; sourceTree = "<group>"; };
		778AC6B31F9AF07F0072C6E9 /* String+Extensions.swift */ = {isa = PBXFileReference; fileEncoding = 4; lastKnownFileType = sourcecode.swift; path = "String+Extensions.swift"; sourceTree = "<group>"; };
		779064471F9B72C1001A5ABA /* UIViewChain.swift */ = {isa = PBXFileReference; lastKnownFileType = sourcecode.swift; path = UIViewChain.swift; sourceTree = "<group>"; };
		779B16FD1F8FA5DE00E912E7 /* AccountModel.swift */ = {isa = PBXFileReference; lastKnownFileType = sourcecode.swift; path = AccountModel.swift; sourceTree = "<group>"; };
		779B16FF1F8FA87A00E912E7 /* UITableView+Extension.swift */ = {isa = PBXFileReference; lastKnownFileType = sourcecode.swift; path = "UITableView+Extension.swift"; sourceTree = "<group>"; };
		779B17011F8FA8A900E912E7 /* TopicCell.swift */ = {isa = PBXFileReference; lastKnownFileType = sourcecode.swift; path = TopicCell.swift; sourceTree = "<group>"; };
		779B17031F8FA8C100E912E7 /* BaseTableViewCell.swift */ = {isa = PBXFileReference; lastKnownFileType = sourcecode.swift; path = BaseTableViewCell.swift; sourceTree = "<group>"; };
		779B17051F8FAF5A00E912E7 /* UILable+Extension.swift */ = {isa = PBXFileReference; lastKnownFileType = sourcecode.swift; path = "UILable+Extension.swift"; sourceTree = "<group>"; };
		779B17071F8FB0AF00E912E7 /* UIImageView+Extension.swift */ = {isa = PBXFileReference; lastKnownFileType = sourcecode.swift; path = "UIImageView+Extension.swift"; sourceTree = "<group>"; };
		77B75DAB1F94EA8F00B7312B /* MemberModel.swift */ = {isa = PBXFileReference; lastKnownFileType = sourcecode.swift; path = MemberModel.swift; sourceTree = "<group>"; };
		77B75DAD1F94FB8C00B7312B /* NodeCollectViewController.swift */ = {isa = PBXFileReference; lastKnownFileType = sourcecode.swift; path = NodeCollectViewController.swift; sourceTree = "<group>"; };
		77C8DF6A1F92FD8F009DE52C /* MoreViewController.swift */ = {isa = PBXFileReference; lastKnownFileType = sourcecode.swift; path = MoreViewController.swift; sourceTree = "<group>"; };
		77C8DF6D1F92FDE2009DE52C /* LoginViewController.swift */ = {isa = PBXFileReference; lastKnownFileType = sourcecode.swift; path = LoginViewController.swift; sourceTree = "<group>"; };
		77C8DF6F1F9305F8009DE52C /* AccountService.swift */ = {isa = PBXFileReference; lastKnownFileType = sourcecode.swift; path = AccountService.swift; sourceTree = "<group>"; };
		77C8DF711F930B0E009DE52C /* LoginForm.swift */ = {isa = PBXFileReference; lastKnownFileType = sourcecode.swift; path = LoginForm.swift; sourceTree = "<group>"; };
		77C8DF731F9316F0009DE52C /* UITextField+Extension.swift */ = {isa = PBXFileReference; fileEncoding = 4; lastKnownFileType = sourcecode.swift; path = "UITextField+Extension.swift"; sourceTree = "<group>"; };
		77D0DDF21F9F677500DDC366 /* MemberCell.swift */ = {isa = PBXFileReference; lastKnownFileType = sourcecode.swift; path = MemberCell.swift; sourceTree = "<group>"; };
		79E9C346121D264309381B21 /* Pods-V2EXTests.release.xcconfig */ = {isa = PBXFileReference; includeInIndex = 1; lastKnownFileType = text.xcconfig; name = "Pods-V2EXTests.release.xcconfig"; path = "Pods/Target Support Files/Pods-V2EXTests/Pods-V2EXTests.release.xcconfig"; sourceTree = "<group>"; };
		A06D4C2BE8DE9A7F928C74E5 /* Pods-V2EXTests.debug.xcconfig */ = {isa = PBXFileReference; includeInIndex = 1; lastKnownFileType = text.xcconfig; name = "Pods-V2EXTests.debug.xcconfig"; path = "Pods/Target Support Files/Pods-V2EXTests/Pods-V2EXTests.debug.xcconfig"; sourceTree = "<group>"; };
		A3FD0254BCE3292D3FCA0608 /* Pods-V2EXUITests.release.xcconfig */ = {isa = PBXFileReference; includeInIndex = 1; lastKnownFileType = text.xcconfig; name = "Pods-V2EXUITests.release.xcconfig"; path = "Pods/Target Support Files/Pods-V2EXUITests/Pods-V2EXUITests.release.xcconfig"; sourceTree = "<group>"; };
		BF02A2C11F8F3E3800BEF85E /* AppSetup.swift */ = {isa = PBXFileReference; lastKnownFileType = sourcecode.swift; path = AppSetup.swift; sourceTree = "<group>"; };
		BF02A2CC1F8F3F3E00BEF85E /* TabBarViewController.swift */ = {isa = PBXFileReference; lastKnownFileType = sourcecode.swift; path = TabBarViewController.swift; sourceTree = "<group>"; };
		BF02A2CD1F8F3FE400BEF85E /* Theme.swift */ = {isa = PBXFileReference; lastKnownFileType = sourcecode.swift; path = Theme.swift; sourceTree = "<group>"; };
		BF02A2D11F8F425C00BEF85E /* UIColor+Extension.swift */ = {isa = PBXFileReference; lastKnownFileType = sourcecode.swift; path = "UIColor+Extension.swift"; sourceTree = "<group>"; };
		BF02A2D41F8F433C00BEF85E /* NavigationViewController.swift */ = {isa = PBXFileReference; lastKnownFileType = sourcecode.swift; path = NavigationViewController.swift; sourceTree = "<group>"; };
		BF39FFE61F94421C00D6F8BD /* Binder+Extension.swift */ = {isa = PBXFileReference; lastKnownFileType = sourcecode.swift; path = "Binder+Extension.swift"; sourceTree = "<group>"; };
		BF39FFE81F9442DA00D6F8BD /* LoadingButton.swift */ = {isa = PBXFileReference; fileEncoding = 4; lastKnownFileType = sourcecode.swift; path = LoadingButton.swift; sourceTree = "<group>"; };
		BF3AB5C41F9756D500043269 /* CommentInputView.swift */ = {isa = PBXFileReference; lastKnownFileType = sourcecode.swift; path = CommentInputView.swift; sourceTree = "<group>"; };
		BF3AB5C61F97672300043269 /* UIPlaceholderTextView.swift */ = {isa = PBXFileReference; fileEncoding = 4; lastKnownFileType = sourcecode.swift; path = UIPlaceholderTextView.swift; sourceTree = "<group>"; };
		BF3AB5C81F976D7000043269 /* UIView+Border.swift */ = {isa = PBXFileReference; fileEncoding = 4; lastKnownFileType = sourcecode.swift; path = "UIView+Border.swift"; sourceTree = "<group>"; };
		BF45DFD11F9ED9140001BEB2 /* ErrorView.swift */ = {isa = PBXFileReference; lastKnownFileType = sourcecode.swift; path = ErrorView.swift; sourceTree = "<group>"; };
		BF45E0041F9EFEE30001BEB2 /* EnumCollection.swift */ = {isa = PBXFileReference; lastKnownFileType = sourcecode.swift; path = EnumCollection.swift; sourceTree = "<group>"; };
		BF45E0061F9F03380001BEB2 /* AppWindow.swift */ = {isa = PBXFileReference; fileEncoding = 4; lastKnownFileType = sourcecode.swift; path = AppWindow.swift; sourceTree = "<group>"; };
		BF45E0091F9F08A90001BEB2 /* DataViewController.swift */ = {isa = PBXFileReference; fileEncoding = 4; lastKnownFileType = sourcecode.swift; path = DataViewController.swift; sourceTree = "<group>"; };
		BF45E00B1F9F0A400001BEB2 /* StateView.swift */ = {isa = PBXFileReference; lastKnownFileType = sourcecode.swift; path = StateView.swift; sourceTree = "<group>"; };
		BF45FCCC1F906E0D006B2C2F /* TopicDetailViewController.swift */ = {isa = PBXFileReference; lastKnownFileType = sourcecode.swift; path = TopicDetailViewController.swift; sourceTree = "<group>"; };
		BF45FCCE1F906E74006B2C2F /* CommentModel.swift */ = {isa = PBXFileReference; lastKnownFileType = sourcecode.swift; path = CommentModel.swift; sourceTree = "<group>"; };
		BF4D779D1F9D896500FAEB7C /* MarkdownPreviewViewController.swift */ = {isa = PBXFileReference; lastKnownFileType = sourcecode.swift; path = MarkdownPreviewViewController.swift; sourceTree = "<group>"; };
		BF5A6B671F99834400CF6BA1 /* MessageViewController.swift */ = {isa = PBXFileReference; lastKnownFileType = sourcecode.swift; path = MessageViewController.swift; sourceTree = "<group>"; };
		BF5A6B6A1F99851500CF6BA1 /* MessageCell.swift */ = {isa = PBXFileReference; lastKnownFileType = sourcecode.swift; path = MessageCell.swift; sourceTree = "<group>"; };
		BF5A6B6C1F99889400CF6BA1 /* MessageModel.swift */ = {isa = PBXFileReference; lastKnownFileType = sourcecode.swift; path = MessageModel.swift; sourceTree = "<group>"; };
		BF5A6B841F99D05800CF6BA1 /* BaseTopicsViewController.swift */ = {isa = PBXFileReference; lastKnownFileType = sourcecode.swift; path = BaseTopicsViewController.swift; sourceTree = "<group>"; };
		BF5A6B861F99D3D800CF6BA1 /* MyTopicsViewController.swift */ = {isa = PBXFileReference; lastKnownFileType = sourcecode.swift; path = MyTopicsViewController.swift; sourceTree = "<group>"; };
		BF5A6B881F99DBB600CF6BA1 /* MyReplyViewController.swift */ = {isa = PBXFileReference; lastKnownFileType = sourcecode.swift; path = MyReplyViewController.swift; sourceTree = "<group>"; };
		BF5A6B8A1F99E9DB00CF6BA1 /* ReplyCell.swift */ = {isa = PBXFileReference; lastKnownFileType = sourcecode.swift; path = ReplyCell.swift; sourceTree = "<group>"; };
		BF65BDB41F8E12C80010B4C9 /* V2EX.app */ = {isa = PBXFileReference; explicitFileType = wrapper.application; includeInIndex = 0; path = V2EX.app; sourceTree = BUILT_PRODUCTS_DIR; };
		BF65BDB71F8E12C80010B4C9 /* AppDelegate.swift */ = {isa = PBXFileReference; lastKnownFileType = sourcecode.swift; path = AppDelegate.swift; sourceTree = "<group>"; };
		BF65BDBE1F8E12C80010B4C9 /* Assets.xcassets */ = {isa = PBXFileReference; lastKnownFileType = folder.assetcatalog; path = Assets.xcassets; sourceTree = "<group>"; };
		BF65BDC11F8E12C80010B4C9 /* Base */ = {isa = PBXFileReference; lastKnownFileType = file.storyboard; name = Base; path = Base.lproj/LaunchScreen.storyboard; sourceTree = "<group>"; };
		BF65BDC31F8E12C80010B4C9 /* Info.plist */ = {isa = PBXFileReference; lastKnownFileType = text.plist.xml; path = Info.plist; sourceTree = "<group>"; };
		BF65BDC81F8E12C80010B4C9 /* V2EXTests.xctest */ = {isa = PBXFileReference; explicitFileType = wrapper.cfbundle; includeInIndex = 0; path = V2EXTests.xctest; sourceTree = BUILT_PRODUCTS_DIR; };
		BF65BDCC1F8E12C80010B4C9 /* V2EXTests.swift */ = {isa = PBXFileReference; lastKnownFileType = sourcecode.swift; path = V2EXTests.swift; sourceTree = "<group>"; };
		BF65BDCE1F8E12C80010B4C9 /* Info.plist */ = {isa = PBXFileReference; lastKnownFileType = text.plist.xml; path = Info.plist; sourceTree = "<group>"; };
		BF65BDD31F8E12C80010B4C9 /* V2EXUITests.xctest */ = {isa = PBXFileReference; explicitFileType = wrapper.cfbundle; includeInIndex = 0; path = V2EXUITests.xctest; sourceTree = BUILT_PRODUCTS_DIR; };
		BF65BDD71F8E12C80010B4C9 /* V2EXUITests.swift */ = {isa = PBXFileReference; lastKnownFileType = sourcecode.swift; path = V2EXUITests.swift; sourceTree = "<group>"; };
		BF65BDD91F8E12C80010B4C9 /* Info.plist */ = {isa = PBXFileReference; lastKnownFileType = text.plist.xml; path = Info.plist; sourceTree = "<group>"; };
		BF701F1F1F98610900761E82 /* MarkdownInputAccessoryView.swift */ = {isa = PBXFileReference; fileEncoding = 4; lastKnownFileType = sourcecode.swift; path = MarkdownInputAccessoryView.swift; sourceTree = "<group>"; };
		BF7B11171F91E473003815C1 /* UIInsetLabel.swift */ = {isa = PBXFileReference; fileEncoding = 4; lastKnownFileType = sourcecode.swift; path = UIInsetLabel.swift; sourceTree = "<group>"; };
		BF7B11191F91E5A3003815C1 /* HUD.swift */ = {isa = PBXFileReference; lastKnownFileType = sourcecode.swift; path = HUD.swift; sourceTree = "<group>"; };
		BF7B111D1F91F960003815C1 /* DB.swift */ = {isa = PBXFileReference; lastKnownFileType = sourcecode.swift; path = DB.swift; sourceTree = "<group>"; };
		BF7B111F1F91F9EA003815C1 /* NodeStore.swift */ = {isa = PBXFileReference; lastKnownFileType = sourcecode.swift; path = NodeStore.swift; sourceTree = "<group>"; };
		BF9EC81B1F95928E00E7AA02 /* NodeCollectCell.swift */ = {isa = PBXFileReference; lastKnownFileType = sourcecode.swift; path = NodeCollectCell.swift; sourceTree = "<group>"; };
		BF9EC81D1F95BFC800E7AA02 /* SweetWebViewController.swift */ = {isa = PBXFileReference; fileEncoding = 4; lastKnownFileType = sourcecode.swift; path = SweetWebViewController.swift; sourceTree = "<group>"; };
		BF9EC81F1F95C39A00E7AA02 /* MemberPageViewController.swift */ = {isa = PBXFileReference; lastKnownFileType = sourcecode.swift; path = MemberPageViewController.swift; sourceTree = "<group>"; };
		BF9EC8241F95D6EE00E7AA02 /* BasePlaceholderView.swift */ = {isa = PBXFileReference; fileEncoding = 4; lastKnownFileType = sourcecode.swift; path = BasePlaceholderView.swift; sourceTree = "<group>"; };
		BF9EC8251F95D6EE00E7AA02 /* EmptyView.swift */ = {isa = PBXFileReference; fileEncoding = 4; lastKnownFileType = sourcecode.swift; path = EmptyView.swift; sourceTree = "<group>"; };
		BF9EC8261F95D6EE00E7AA02 /* LoadingView.swift */ = {isa = PBXFileReference; fileEncoding = 4; lastKnownFileType = sourcecode.swift; path = LoadingView.swift; sourceTree = "<group>"; };
		BFBCE5A21F90BB9E000106D6 /* HelperFunctions.swift */ = {isa = PBXFileReference; fileEncoding = 4; lastKnownFileType = sourcecode.swift; path = HelperFunctions.swift; sourceTree = "<group>"; };
		BFBCE5A51F90C14B000106D6 /* ActivityIndicator.swift */ = {isa = PBXFileReference; fileEncoding = 4; lastKnownFileType = sourcecode.swift; path = ActivityIndicator.swift; sourceTree = "<group>"; };
		BFBCE5A61F90C14B000106D6 /* Observable+Operators.swift */ = {isa = PBXFileReference; fileEncoding = 4; lastKnownFileType = sourcecode.swift; path = "Observable+Operators.swift"; sourceTree = "<group>"; };
		BFBCE5A71F90C14B000106D6 /* RxKeyboard.swift */ = {isa = PBXFileReference; fileEncoding = 4; lastKnownFileType = sourcecode.swift; path = RxKeyboard.swift; sourceTree = "<group>"; };
		BFBCE5A81F90C14B000106D6 /* Scheduler+Rx.swift */ = {isa = PBXFileReference; fileEncoding = 4; lastKnownFileType = sourcecode.swift; path = "Scheduler+Rx.swift"; sourceTree = "<group>"; };
		BFBCE5A91F90C14B000106D6 /* Swift+Extension.swift */ = {isa = PBXFileReference; fileEncoding = 4; lastKnownFileType = sourcecode.swift; path = "Swift+Extension.swift"; sourceTree = "<group>"; };
		BFBCE5AA1F90C14B000106D6 /* UIBarButtonItem+ClosureAction.swift */ = {isa = PBXFileReference; fileEncoding = 4; lastKnownFileType = sourcecode.swift; path = "UIBarButtonItem+ClosureAction.swift"; sourceTree = "<group>"; };
		BFBCE5AD1F90C14B000106D6 /* UIViewController+Rx.swift */ = {isa = PBXFileReference; fileEncoding = 4; lastKnownFileType = sourcecode.swift; path = "UIViewController+Rx.swift"; sourceTree = "<group>"; };
		BFBCE5B71F90C4FC000106D6 /* NodesViewController.swift */ = {isa = PBXFileReference; lastKnownFileType = sourcecode.swift; path = NodesViewController.swift; sourceTree = "<group>"; };
		BFC89B481FA0283800759577 /* TextParser.swift */ = {isa = PBXFileReference; lastKnownFileType = sourcecode.swift; path = TextParser.swift; sourceTree = "<group>"; };
		BFC89B4A1FA033CD00759577 /* FPSLabel.swift */ = {isa = PBXFileReference; fileEncoding = 4; lastKnownFileType = sourcecode.swift; path = FPSLabel.swift; sourceTree = "<group>"; };
		BFCB67421F8F489E00D05A90 /* NSObject+Rx.swift */ = {isa = PBXFileReference; lastKnownFileType = sourcecode.swift; path = "NSObject+Rx.swift"; sourceTree = "<group>"; };
		BFCB67451F8F498900D05A90 /* HomeViewController.swift */ = {isa = PBXFileReference; lastKnownFileType = sourcecode.swift; path = HomeViewController.swift; sourceTree = "<group>"; };
		BFCB67471F8F499600D05A90 /* BaseViewController.swift */ = {isa = PBXFileReference; lastKnownFileType = sourcecode.swift; path = BaseViewController.swift; sourceTree = "<group>"; };
		BFCB67491F8F49BD00D05A90 /* Logger.swift */ = {isa = PBXFileReference; lastKnownFileType = sourcecode.swift; path = Logger.swift; sourceTree = "<group>"; };
		BFCB674C1F8F4A2200D05A90 /* Foundation+Extension.swift */ = {isa = PBXFileReference; lastKnownFileType = sourcecode.swift; path = "Foundation+Extension.swift"; sourceTree = "<group>"; };
		BFCB674E1F8F4A4000D05A90 /* String+Extension.swift */ = {isa = PBXFileReference; lastKnownFileType = sourcecode.swift; path = "String+Extension.swift"; sourceTree = "<group>"; };
		BFCB67501F8F4B2300D05A90 /* UIView+Extension.swift */ = {isa = PBXFileReference; lastKnownFileType = sourcecode.swift; path = "UIView+Extension.swift"; sourceTree = "<group>"; };
		BFCB67571F8F50E600D05A90 /* Networking.swift */ = {isa = PBXFileReference; lastKnownFileType = sourcecode.swift; path = Networking.swift; sourceTree = "<group>"; };
		BFCB67581F8F50E600D05A90 /* TargetType.swift */ = {isa = PBXFileReference; lastKnownFileType = sourcecode.swift; path = TargetType.swift; sourceTree = "<group>"; };
		BFCB67591F8F50E700D05A90 /* API2.swift */ = {isa = PBXFileReference; lastKnownFileType = sourcecode.swift; path = API2.swift; sourceTree = "<group>"; };
		BFCB675D1F8F521D00D05A90 /* Constants.swift */ = {isa = PBXFileReference; lastKnownFileType = sourcecode.swift; path = Constants.swift; sourceTree = "<group>"; };
		BFCB675F1F8F52B700D05A90 /* GCD.swift */ = {isa = PBXFileReference; lastKnownFileType = sourcecode.swift; path = GCD.swift; sourceTree = "<group>"; };
		BFCB67631F8F666100D05A90 /* API.swift */ = {isa = PBXFileReference; lastKnownFileType = sourcecode.swift; path = API.swift; sourceTree = "<group>"; };
		BFCB67651F8F709F00D05A90 /* TopicService.swift */ = {isa = PBXFileReference; lastKnownFileType = sourcecode.swift; path = TopicService.swift; sourceTree = "<group>"; };
		BFCB67671F8F716600D05A90 /* NodeModel.swift */ = {isa = PBXFileReference; lastKnownFileType = sourcecode.swift; path = NodeModel.swift; sourceTree = "<group>"; };
		BFCB67691F8F721700D05A90 /* TopicModel.swift */ = {isa = PBXFileReference; lastKnownFileType = sourcecode.swift; path = TopicModel.swift; sourceTree = "<group>"; };
		BFCE8E071F904CA80026F100 /* NodeTabView.swift */ = {isa = PBXFileReference; lastKnownFileType = sourcecode.swift; path = NodeTabView.swift; sourceTree = "<group>"; };
		BFE3947A1F90822E00D3ED1D /* TopicDetailHeaderView.swift */ = {isa = PBXFileReference; lastKnownFileType = sourcecode.swift; path = TopicDetailHeaderView.swift; sourceTree = "<group>"; };
		BFE3947C1F90823D00D3ED1D /* TopicCommentCell.swift */ = {isa = PBXFileReference; lastKnownFileType = sourcecode.swift; path = TopicCommentCell.swift; sourceTree = "<group>"; };
		BFE3947E1F909B1400D3ED1D /* style.css */ = {isa = PBXFileReference; lastKnownFileType = text.css; path = style.css; sourceTree = "<group>"; };
		BFE8CB281FA051E2007E2F02 /* ViewDialogViewController.swift */ = {isa = PBXFileReference; lastKnownFileType = sourcecode.swift; path = ViewDialogViewController.swift; sourceTree = "<group>"; };
		BFE8CB2A1FA0541C007E2F02 /* UIViewController+Extension.swift */ = {isa = PBXFileReference; fileEncoding = 4; lastKnownFileType = sourcecode.swift; path = "UIViewController+Extension.swift"; sourceTree = "<group>"; };
		BFE8CB2C1FA09A9D007E2F02 /* MentionedParser.swift */ = {isa = PBXFileReference; fileEncoding = 4; lastKnownFileType = sourcecode.swift; path = MentionedParser.swift; sourceTree = "<group>"; };
		BFEC91CB1F94782A0050B7F5 /* UIKit+Extension.swift */ = {isa = PBXFileReference; fileEncoding = 4; lastKnownFileType = sourcecode.swift; path = "UIKit+Extension.swift"; sourceTree = "<group>"; };
		BFEC91CE1F948D8E0050B7F5 /* RegisterViewController.swift */ = {isa = PBXFileReference; lastKnownFileType = sourcecode.swift; path = RegisterViewController.swift; sourceTree = "<group>"; };
		BFEC91D01F9490570050B7F5 /* ForgotPasswordViewController.swift */ = {isa = PBXFileReference; lastKnownFileType = sourcecode.swift; path = ForgotPasswordViewController.swift; sourceTree = "<group>"; };
		BFEC91D21F94AC530050B7F5 /* String+Validate.swift */ = {isa = PBXFileReference; fileEncoding = 4; lastKnownFileType = sourcecode.swift; path = "String+Validate.swift"; sourceTree = "<group>"; };
		BFFAFDE81F9F4428000EB91C /* MemberListViewController.swift */ = {isa = PBXFileReference; lastKnownFileType = sourcecode.swift; path = MemberListViewController.swift; sourceTree = "<group>"; };
		E337C44E6CA49FA430E4D9C1 /* Pods-V2EX.release.xcconfig */ = {isa = PBXFileReference; includeInIndex = 1; lastKnownFileType = text.xcconfig; name = "Pods-V2EX.release.xcconfig"; path = "Pods/Target Support Files/Pods-V2EX/Pods-V2EX.release.xcconfig"; sourceTree = "<group>"; };
		EDEF560D2C703ABBF56BE30E /* Pods_V2EX.framework */ = {isa = PBXFileReference; explicitFileType = wrapper.framework; includeInIndex = 0; path = Pods_V2EX.framework; sourceTree = BUILT_PRODUCTS_DIR; };
		F6B6818F911EA9C433951F18 /* Pods_V2EXUITests.framework */ = {isa = PBXFileReference; explicitFileType = wrapper.framework; includeInIndex = 0; path = Pods_V2EXUITests.framework; sourceTree = BUILT_PRODUCTS_DIR; };
/* End PBXFileReference section */

/* Begin PBXFrameworksBuildPhase section */
		BF65BDB11F8E12C80010B4C9 /* Frameworks */ = {
			isa = PBXFrameworksBuildPhase;
			buildActionMask = 2147483647;
			files = (
				C00FF4E9D54113900F400975 /* Pods_V2EX.framework in Frameworks */,
			);
			runOnlyForDeploymentPostprocessing = 0;
		};
		BF65BDC51F8E12C80010B4C9 /* Frameworks */ = {
			isa = PBXFrameworksBuildPhase;
			buildActionMask = 2147483647;
			files = (
				2679076A484F9440FD8C14A2 /* Pods_V2EXTests.framework in Frameworks */,
			);
			runOnlyForDeploymentPostprocessing = 0;
		};
		BF65BDD01F8E12C80010B4C9 /* Frameworks */ = {
			isa = PBXFrameworksBuildPhase;
			buildActionMask = 2147483647;
			files = (
				80BDADB66F39CEA2AACC3733 /* Pods_V2EXUITests.framework in Frameworks */,
			);
			runOnlyForDeploymentPostprocessing = 0;
		};
/* End PBXFrameworksBuildPhase section */

/* Begin PBXGroup section */
		67A8679BE54B54EB99EA44F6 /* Pods */ = {
			isa = PBXGroup;
			children = (
				40829FCF6DA7112AC68BAE24 /* Pods-V2EX.debug.xcconfig */,
				E337C44E6CA49FA430E4D9C1 /* Pods-V2EX.release.xcconfig */,
				A06D4C2BE8DE9A7F928C74E5 /* Pods-V2EXTests.debug.xcconfig */,
				79E9C346121D264309381B21 /* Pods-V2EXTests.release.xcconfig */,
				038B6C7B12D8A9D80518EA73 /* Pods-V2EXUITests.debug.xcconfig */,
				A3FD0254BCE3292D3FCA0608 /* Pods-V2EXUITests.release.xcconfig */,
			);
			name = Pods;
			sourceTree = "<group>";
		};
		75F0F76E21CB11D9A1BA77B6 /* Frameworks */ = {
			isa = PBXGroup;
			children = (
				EDEF560D2C703ABBF56BE30E /* Pods_V2EX.framework */,
				69E17711CA7552BBF8B34515 /* Pods_V2EXTests.framework */,
				F6B6818F911EA9C433951F18 /* Pods_V2EXUITests.framework */,
			);
			name = Frameworks;
			sourceTree = "<group>";
		};
		776EFDCB1F9BA9690087AECC /* TSegmentedView */ = {
			isa = PBXGroup;
			children = (
				776EFDCC1F9BA9690087AECC /* TSegmentedControlView.swift */,
				776EFDCD1F9BA9690087AECC /* TSegmentedView.swift */,
				776EFDCE1F9BA9690087AECC /* TSVExtension.swift */,
			);
			path = TSegmentedView;
			sourceTree = "<group>";
		};
		778AC6AC1F9AF07F0072C6E9 /* Highlighter */ = {
			isa = PBXGroup;
			children = (
				778AC6AD1F9AF07F0072C6E9 /* Highlightable.swift */,
				778AC6AE1F9AF07F0072C6E9 /* HighlightableContainer.swift */,
				778AC6AF1F9AF07F0072C6E9 /* Highlightables.swift */,
				778AC6B21F9AF07F0072C6E9 /* NSAttributedString+Extensions.swift */,
				778AC6B31F9AF07F0072C6E9 /* String+Extensions.swift */,
			);
			path = Highlighter;
			sourceTree = "<group>";
		};
		77C8DF6C1F92FD94009DE52C /* More */ = {
			isa = PBXGroup;
			children = (
				77C8DF6A1F92FD8F009DE52C /* MoreViewController.swift */,
				77B75DAD1F94FB8C00B7312B /* NodeCollectViewController.swift */,
				772A577A1F9786EB003FBE1A /* CreateTopicViewController.swift */,
				BF5A6B861F99D3D800CF6BA1 /* MyTopicsViewController.swift */,
				BF5A6B881F99DBB600CF6BA1 /* MyReplyViewController.swift */,
				BF4D779D1F9D896500FAEB7C /* MarkdownPreviewViewController.swift */,
			);
			path = More;
			sourceTree = "<group>";
		};
		77D0DDF11F9F674600DDC366 /* Cells */ = {
			isa = PBXGroup;
			children = (
				779B17031F8FA8C100E912E7 /* BaseTableViewCell.swift */,
				779B17011F8FA8A900E912E7 /* TopicCell.swift */,
				BFE3947C1F90823D00D3ED1D /* TopicCommentCell.swift */,
				7756CCC71F92360F00EF47B8 /* NodeCell.swift */,
				BF9EC81B1F95928E00E7AA02 /* NodeCollectCell.swift */,
				BF5A6B6A1F99851500CF6BA1 /* MessageCell.swift */,
				BF5A6B8A1F99E9DB00CF6BA1 /* ReplyCell.swift */,
				778AC6A71F9A2D540072C6E9 /* TopicSearchResultCell.swift */,
				77D0DDF21F9F677500DDC366 /* MemberCell.swift */,
			);
			path = Cells;
			sourceTree = "<group>";
		};
		BF02A2C01F8F3E0800BEF85E /* App */ = {
			isa = PBXGroup;
			children = (
				BF65BDB71F8E12C80010B4C9 /* AppDelegate.swift */,
				BF45E0061F9F03380001BEB2 /* AppWindow.swift */,
				BF02A2C11F8F3E3800BEF85E /* AppSetup.swift */,
				BF02A2CD1F8F3FE400BEF85E /* Theme.swift */,
				BFCB675D1F8F521D00D05A90 /* Constants.swift */,
			);
			path = App;
			sourceTree = "<group>";
		};
		BF02A2C31F8F3E4800BEF85E /* ViewControllers */ = {
			isa = PBXGroup;
			children = (
				BF02A2CB1F8F3F3600BEF85E /* Base */,
				BFEC91CD1F948D6C0050B7F5 /* Account */,
				BFCB67441F8F495F00D05A90 /* Home */,
				BFBCE5BA1F90C506000106D6 /* Node */,
				BF5A6B691F99834C00CF6BA1 /* Message */,
				77C8DF6C1F92FD94009DE52C /* More */,
			);
			path = ViewControllers;
			sourceTree = "<group>";
		};
		BF02A2C41F8F3E5900BEF85E /* Views */ = {
			isa = PBXGroup;
			children = (
				776EFDCB1F9BA9690087AECC /* TSegmentedView */,
				BF9EC8231F95D6EE00E7AA02 /* PlaceholderViews */,
				77D0DDF11F9F674600DDC366 /* Cells */,
				BF39FFE81F9442DA00D6F8BD /* LoadingButton.swift */,
				BF7B11191F91E5A3003815C1 /* HUD.swift */,
				BF7B11171F91E473003815C1 /* UIInsetLabel.swift */,
				BFCE8E071F904CA80026F100 /* NodeTabView.swift */,
				BFE3947A1F90822E00D3ED1D /* TopicDetailHeaderView.swift */,
				7756CCC91F923D6100EF47B8 /* NodeHeaderView.swift */,
				BF3AB5C41F9756D500043269 /* CommentInputView.swift */,
				BF3AB5C61F97672300043269 /* UIPlaceholderTextView.swift */,
				BF701F1F1F98610900761E82 /* MarkdownInputAccessoryView.swift */,
				776EFDD31F9BB9E70087AECC /* ShareItemView.swift */,
				776EFDD21F9BB9E70087AECC /* ShareSheetView.swift */,
			);
			path = Views;
			sourceTree = "<group>";
		};
		BF02A2C51F8F3E5E00BEF85E /* Helpers */ = {
			isa = PBXGroup;
			children = (
				BFE8CB2C1FA09A9D007E2F02 /* MentionedParser.swift */,
				BFC89B4A1FA033CD00759577 /* FPSLabel.swift */,
				7756CCC51F92354B00EF47B8 /* LeftAlignedCollectionViewFlowLayout.swift */,
				BFCB675F1F8F52B700D05A90 /* GCD.swift */,
				BFCB67491F8F49BD00D05A90 /* Logger.swift */,
				BFBCE5A21F90BB9E000106D6 /* HelperFunctions.swift */,
				BFC89B481FA0283800759577 /* TextParser.swift */,
			);
			path = Helpers;
			sourceTree = "<group>";
		};
		BF02A2C61F8F3E6A00BEF85E /* Extensions */ = {
			isa = PBXGroup;
			children = (
				BFBCE5A41F90C14B000106D6 /* Rx */,
				BFCB674B1F8F4A1D00D05A90 /* Foundation */,
				BF02A2CF1F8F400B00BEF85E /* UIKit */,
			);
			path = Extensions;
			sourceTree = "<group>";
		};
		BF02A2C71F8F3E6F00BEF85E /* Managers */ = {
			isa = PBXGroup;
			children = (
			);
			path = Managers;
			sourceTree = "<group>";
		};
		BF02A2C81F8F3E7600BEF85E /* Services */ = {
			isa = PBXGroup;
			children = (
				BFCB67651F8F709F00D05A90 /* TopicService.swift */,
				7756CCCD1F9248CF00EF47B8 /* NodeService.swift */,
				77C8DF6F1F9305F8009DE52C /* AccountService.swift */,
				7756CCCF1F924F7A00EF47B8 /* HTMLParseService.swift */,
			);
			path = Services;
			sourceTree = "<group>";
		};
		BF02A2C91F8F3E8900BEF85E /* DB */ = {
			isa = PBXGroup;
			children = (
				BF7B111D1F91F960003815C1 /* DB.swift */,
				BF7B111F1F91F9EA003815C1 /* NodeStore.swift */,
			);
			path = DB;
			sourceTree = "<group>";
		};
		BF02A2CA1F8F3E9200BEF85E /* Models */ = {
			isa = PBXGroup;
			children = (
				BFCB67671F8F716600D05A90 /* NodeModel.swift */,
				BFCB67691F8F721700D05A90 /* TopicModel.swift */,
				779B16FD1F8FA5DE00E912E7 /* AccountModel.swift */,
				77B75DAB1F94EA8F00B7312B /* MemberModel.swift */,
				BF45FCCE1F906E74006B2C2F /* CommentModel.swift */,
				77C8DF711F930B0E009DE52C /* LoginForm.swift */,
				BF5A6B6C1F99889400CF6BA1 /* MessageModel.swift */,
				778AC69F1F9A29730072C6E9 /* SearchResultModel.swift */,
			);
			path = Models;
			sourceTree = "<group>";
		};
		BF02A2CB1F8F3F3600BEF85E /* Base */ = {
			isa = PBXGroup;
			children = (
				BF45E0091F9F08A90001BEB2 /* DataViewController.swift */,
				BFCB67471F8F499600D05A90 /* BaseViewController.swift */,
				BF02A2CC1F8F3F3E00BEF85E /* TabBarViewController.swift */,
				BF02A2D41F8F433C00BEF85E /* NavigationViewController.swift */,
				BF9EC81D1F95BFC800E7AA02 /* SweetWebViewController.swift */,
				BF5A6B841F99D05800CF6BA1 /* BaseTopicsViewController.swift */,
			);
			path = Base;
			sourceTree = "<group>";
		};
		BF02A2CF1F8F400B00BEF85E /* UIKit */ = {
			isa = PBXGroup;
			children = (
				BFEC91CB1F94782A0050B7F5 /* UIKit+Extension.swift */,
				77C8DF731F9316F0009DE52C /* UITextField+Extension.swift */,
				779B16FF1F8FA87A00E912E7 /* UITableView+Extension.swift */,
				BFCB67501F8F4B2300D05A90 /* UIView+Extension.swift */,
				BF3AB5C81F976D7000043269 /* UIView+Border.swift */,
				BFCB674E1F8F4A4000D05A90 /* String+Extension.swift */,
				BFEC91D21F94AC530050B7F5 /* String+Validate.swift */,
				BF02A2D11F8F425C00BEF85E /* UIColor+Extension.swift */,
				779B17051F8FAF5A00E912E7 /* UILable+Extension.swift */,
				779B17071F8FB0AF00E912E7 /* UIImageView+Extension.swift */,
				773CD8F71F9B141200D5578F /* UIScrollView+Extension.swift */,
				77507E681F9B168800D62286 /* String+PinYin.swift */,
				779064471F9B72C1001A5ABA /* UIViewChain.swift */,
				BFE8CB2A1FA0541C007E2F02 /* UIViewController+Extension.swift */,
			);
			path = UIKit;
			sourceTree = "<group>";
		};
		BF5A6B691F99834C00CF6BA1 /* Message */ = {
			isa = PBXGroup;
			children = (
				BF5A6B671F99834400CF6BA1 /* MessageViewController.swift */,
			);
			path = Message;
			sourceTree = "<group>";
		};
		BF65BDAB1F8E12C80010B4C9 = {
			isa = PBXGroup;
			children = (
				BF65BDB61F8E12C80010B4C9 /* V2EX */,
				BF65BDCB1F8E12C80010B4C9 /* V2EXTests */,
				BF65BDD61F8E12C80010B4C9 /* V2EXUITests */,
				BF65BDB51F8E12C80010B4C9 /* Products */,
				67A8679BE54B54EB99EA44F6 /* Pods */,
				75F0F76E21CB11D9A1BA77B6 /* Frameworks */,
			);
			sourceTree = "<group>";
		};
		BF65BDB51F8E12C80010B4C9 /* Products */ = {
			isa = PBXGroup;
			children = (
				BF65BDB41F8E12C80010B4C9 /* V2EX.app */,
				BF65BDC81F8E12C80010B4C9 /* V2EXTests.xctest */,
				BF65BDD31F8E12C80010B4C9 /* V2EXUITests.xctest */,
			);
			name = Products;
			sourceTree = "<group>";
		};
		BF65BDB61F8E12C80010B4C9 /* V2EX */ = {
			isa = PBXGroup;
			children = (
				BF02A2C01F8F3E0800BEF85E /* App */,
				BF02A2C31F8F3E4800BEF85E /* ViewControllers */,
				BF02A2C41F8F3E5900BEF85E /* Views */,
				BF02A2CA1F8F3E9200BEF85E /* Models */,
				BF02A2C91F8F3E8900BEF85E /* DB */,
				BF02A2C81F8F3E7600BEF85E /* Services */,
				BF02A2C71F8F3E6F00BEF85E /* Managers */,
				BFCB67561F8F50D600D05A90 /* Networking */,
				BF02A2C61F8F3E6A00BEF85E /* Extensions */,
				BFCB673F1F8F47AD00D05A90 /* Vender */,
				BF02A2C51F8F3E5E00BEF85E /* Helpers */,
				BFCB67541F8F500D00D05A90 /* Supporting Files */,
			);
			path = V2EX;
			sourceTree = "<group>";
		};
		BF65BDCB1F8E12C80010B4C9 /* V2EXTests */ = {
			isa = PBXGroup;
			children = (
				BF65BDCC1F8E12C80010B4C9 /* V2EXTests.swift */,
				BF65BDCE1F8E12C80010B4C9 /* Info.plist */,
			);
			path = V2EXTests;
			sourceTree = "<group>";
		};
		BF65BDD61F8E12C80010B4C9 /* V2EXUITests */ = {
			isa = PBXGroup;
			children = (
				BF65BDD71F8E12C80010B4C9 /* V2EXUITests.swift */,
				BF65BDD91F8E12C80010B4C9 /* Info.plist */,
			);
			path = V2EXUITests;
			sourceTree = "<group>";
		};
		BF9EC8231F95D6EE00E7AA02 /* PlaceholderViews */ = {
			isa = PBXGroup;
			children = (
				BF9EC8241F95D6EE00E7AA02 /* BasePlaceholderView.swift */,
				BF9EC8251F95D6EE00E7AA02 /* EmptyView.swift */,
				BF9EC8261F95D6EE00E7AA02 /* LoadingView.swift */,
				BF45DFD11F9ED9140001BEB2 /* ErrorView.swift */,
				BF45E00B1F9F0A400001BEB2 /* StateView.swift */,
			);
			path = PlaceholderViews;
			sourceTree = "<group>";
		};
		BFBCE5A41F90C14B000106D6 /* Rx */ = {
			isa = PBXGroup;
			children = (
				BFBCE5A51F90C14B000106D6 /* ActivityIndicator.swift */,
				BFBCE5A61F90C14B000106D6 /* Observable+Operators.swift */,
				BFBCE5A71F90C14B000106D6 /* RxKeyboard.swift */,
				BFBCE5A81F90C14B000106D6 /* Scheduler+Rx.swift */,
				BFBCE5A91F90C14B000106D6 /* Swift+Extension.swift */,
				BFBCE5AA1F90C14B000106D6 /* UIBarButtonItem+ClosureAction.swift */,
				BFBCE5AD1F90C14B000106D6 /* UIViewController+Rx.swift */,
				BF39FFE61F94421C00D6F8BD /* Binder+Extension.swift */,
			);
			name = Rx;
			path = ../../../Wear/Wear/Extensions/Rx;
			sourceTree = "<group>";
		};
		BFBCE5BA1F90C506000106D6 /* Node */ = {
			isa = PBXGroup;
			children = (
				BFBCE5B71F90C4FC000106D6 /* NodesViewController.swift */,
				7756CCCB1F92475F00EF47B8 /* NodeDetailViewController.swift */,
				77507E6A1F9B176700D62286 /* NodeSearchResultViewController.swift */,
			);
			path = Node;
			sourceTree = "<group>";
		};
		BFCB673F1F8F47AD00D05A90 /* Vender */ = {
			isa = PBXGroup;
			children = (
				778AC6AC1F9AF07F0072C6E9 /* Highlighter */,
				BFCB67421F8F489E00D05A90 /* NSObject+Rx.swift */,
			);
			path = Vender;
			sourceTree = "<group>";
		};
		BFCB67441F8F495F00D05A90 /* Home */ = {
			isa = PBXGroup;
			children = (
				BFCB67451F8F498900D05A90 /* HomeViewController.swift */,
				BF45FCCC1F906E0D006B2C2F /* TopicDetailViewController.swift */,
				BFE8CB281FA051E2007E2F02 /* ViewDialogViewController.swift */,
				BFFAFDE81F9F4428000EB91C /* MemberListViewController.swift */,
				BF9EC81F1F95C39A00E7AA02 /* MemberPageViewController.swift */,
				778AC6A51F9A2C810072C6E9 /* TopicSearchResultViewController.swift */,
			);
			path = Home;
			sourceTree = "<group>";
		};
		BFCB674B1F8F4A1D00D05A90 /* Foundation */ = {
			isa = PBXGroup;
			children = (
				BFCB674C1F8F4A2200D05A90 /* Foundation+Extension.swift */,
				BF45E0041F9EFEE30001BEB2 /* EnumCollection.swift */,
			);
			path = Foundation;
			sourceTree = "<group>";
		};
		BFCB67541F8F500D00D05A90 /* Supporting Files */ = {
			isa = PBXGroup;
			children = (
				BF65BDBE1F8E12C80010B4C9 /* Assets.xcassets */,
				BF65BDC01F8E12C80010B4C9 /* LaunchScreen.storyboard */,
				BF65BDC31F8E12C80010B4C9 /* Info.plist */,
				BFE3947E1F909B1400D3ED1D /* style.css */,
			);
			path = "Supporting Files";
			sourceTree = "<group>";
		};
		BFCB67561F8F50D600D05A90 /* Networking */ = {
			isa = PBXGroup;
			children = (
				BFCB67631F8F666100D05A90 /* API.swift */,
				BFCB67591F8F50E700D05A90 /* API2.swift */,
				BFCB67571F8F50E600D05A90 /* Networking.swift */,
				BFCB67581F8F50E600D05A90 /* TargetType.swift */,
			);
			path = Networking;
			sourceTree = "<group>";
		};
		BFEC91CD1F948D6C0050B7F5 /* Account */ = {
			isa = PBXGroup;
			children = (
				77C8DF6D1F92FDE2009DE52C /* LoginViewController.swift */,
				BFEC91CE1F948D8E0050B7F5 /* RegisterViewController.swift */,
				BFEC91D01F9490570050B7F5 /* ForgotPasswordViewController.swift */,
			);
			path = Account;
			sourceTree = "<group>";
		};
/* End PBXGroup section */

/* Begin PBXNativeTarget section */
		BF65BDB31F8E12C80010B4C9 /* V2EX */ = {
			isa = PBXNativeTarget;
			buildConfigurationList = BF65BDDC1F8E12C80010B4C9 /* Build configuration list for PBXNativeTarget "V2EX" */;
			buildPhases = (
				02AEB144AC3FB210B34A20DE /* [CP] Check Pods Manifest.lock */,
				BF65BDB01F8E12C80010B4C9 /* Sources */,
				BF65BDB11F8E12C80010B4C9 /* Frameworks */,
				E62EED9B3D667B480F11A2F0 /* [Carte] Pre Script */,
				BF65BDB21F8E12C80010B4C9 /* Resources */,
				6F09AC68488332B30709BADD /* [Carte] Post Script */,
				414A5DDE7007F40233E10F82 /* [CP] Embed Pods Frameworks */,
				A2AFEDC3B4ED40EC4475EB07 /* [CP] Copy Pods Resources */,
			);
			buildRules = (
			);
			dependencies = (
			);
			name = V2EX;
			productName = V2EX;
			productReference = BF65BDB41F8E12C80010B4C9 /* V2EX.app */;
			productType = "com.apple.product-type.application";
		};
		BF65BDC71F8E12C80010B4C9 /* V2EXTests */ = {
			isa = PBXNativeTarget;
			buildConfigurationList = BF65BDDF1F8E12C80010B4C9 /* Build configuration list for PBXNativeTarget "V2EXTests" */;
			buildPhases = (
				D642D6D2000EFE05B1160B62 /* [CP] Check Pods Manifest.lock */,
				BF65BDC41F8E12C80010B4C9 /* Sources */,
				BF65BDC51F8E12C80010B4C9 /* Frameworks */,
				E62EED9B3D667B480F11A2F0 /* [Carte] Pre Script */,
				BF65BDC61F8E12C80010B4C9 /* Resources */,
				6F09AC68488332B30709BADD /* [Carte] Post Script */,
				311A0925355C6E5DF2A6F65C /* [CP] Embed Pods Frameworks */,
				BA5163ECA9B798CE401824C5 /* [CP] Copy Pods Resources */,
			);
			buildRules = (
			);
			dependencies = (
				BF65BDCA1F8E12C80010B4C9 /* PBXTargetDependency */,
			);
			name = V2EXTests;
			productName = V2EXTests;
			productReference = BF65BDC81F8E12C80010B4C9 /* V2EXTests.xctest */;
			productType = "com.apple.product-type.bundle.unit-test";
		};
		BF65BDD21F8E12C80010B4C9 /* V2EXUITests */ = {
			isa = PBXNativeTarget;
			buildConfigurationList = BF65BDE21F8E12C80010B4C9 /* Build configuration list for PBXNativeTarget "V2EXUITests" */;
			buildPhases = (
				02130B8C6539E1D9A5E6AC11 /* [CP] Check Pods Manifest.lock */,
				BF65BDCF1F8E12C80010B4C9 /* Sources */,
				BF65BDD01F8E12C80010B4C9 /* Frameworks */,
				E62EED9B3D667B480F11A2F0 /* [Carte] Pre Script */,
				BF65BDD11F8E12C80010B4C9 /* Resources */,
				6F09AC68488332B30709BADD /* [Carte] Post Script */,
				648443642AB5DECE41BAF4D5 /* [CP] Embed Pods Frameworks */,
				7F95D5870A86E06F4B63EB0D /* [CP] Copy Pods Resources */,
			);
			buildRules = (
			);
			dependencies = (
				BF65BDD51F8E12C80010B4C9 /* PBXTargetDependency */,
			);
			name = V2EXUITests;
			productName = V2EXUITests;
			productReference = BF65BDD31F8E12C80010B4C9 /* V2EXUITests.xctest */;
			productType = "com.apple.product-type.bundle.ui-testing";
		};
/* End PBXNativeTarget section */

/* Begin PBXProject section */
		BF65BDAC1F8E12C80010B4C9 /* Project object */ = {
			isa = PBXProject;
			attributes = {
				LastSwiftUpdateCheck = 0900;
				LastUpgradeCheck = 0900;
				ORGANIZATIONNAME = Joe;
				TargetAttributes = {
					BF65BDB31F8E12C80010B4C9 = {
						CreatedOnToolsVersion = 9.0;
						ProvisioningStyle = Automatic;
					};
					BF65BDC71F8E12C80010B4C9 = {
						CreatedOnToolsVersion = 9.0;
						ProvisioningStyle = Automatic;
						TestTargetID = BF65BDB31F8E12C80010B4C9;
					};
					BF65BDD21F8E12C80010B4C9 = {
						CreatedOnToolsVersion = 9.0;
						ProvisioningStyle = Automatic;
						TestTargetID = BF65BDB31F8E12C80010B4C9;
					};
				};
			};
			buildConfigurationList = BF65BDAF1F8E12C80010B4C9 /* Build configuration list for PBXProject "V2EX" */;
			compatibilityVersion = "Xcode 8.0";
			developmentRegion = en;
			hasScannedForEncodings = 0;
			knownRegions = (
				en,
				Base,
			);
			mainGroup = BF65BDAB1F8E12C80010B4C9;
			productRefGroup = BF65BDB51F8E12C80010B4C9 /* Products */;
			projectDirPath = "";
			projectRoot = "";
			targets = (
				BF65BDB31F8E12C80010B4C9 /* V2EX */,
				BF65BDC71F8E12C80010B4C9 /* V2EXTests */,
				BF65BDD21F8E12C80010B4C9 /* V2EXUITests */,
			);
		};
/* End PBXProject section */

/* Begin PBXResourcesBuildPhase section */
		BF65BDB21F8E12C80010B4C9 /* Resources */ = {
			isa = PBXResourcesBuildPhase;
			buildActionMask = 2147483647;
			files = (
				BFE394841F909CC600D3ED1D /* style.css in Resources */,
				BF65BDC21F8E12C80010B4C9 /* LaunchScreen.storyboard in Resources */,
				BF65BDBF1F8E12C80010B4C9 /* Assets.xcassets in Resources */,
			);
			runOnlyForDeploymentPostprocessing = 0;
		};
		BF65BDC61F8E12C80010B4C9 /* Resources */ = {
			isa = PBXResourcesBuildPhase;
			buildActionMask = 2147483647;
			files = (
			);
			runOnlyForDeploymentPostprocessing = 0;
		};
		BF65BDD11F8E12C80010B4C9 /* Resources */ = {
			isa = PBXResourcesBuildPhase;
			buildActionMask = 2147483647;
			files = (
			);
			runOnlyForDeploymentPostprocessing = 0;
		};
/* End PBXResourcesBuildPhase section */

/* Begin PBXShellScriptBuildPhase section */
		02130B8C6539E1D9A5E6AC11 /* [CP] Check Pods Manifest.lock */ = {
			isa = PBXShellScriptBuildPhase;
			buildActionMask = 2147483647;
			files = (
			);
			inputPaths = (
				"${PODS_PODFILE_DIR_PATH}/Podfile.lock",
				"${PODS_ROOT}/Manifest.lock",
			);
			name = "[CP] Check Pods Manifest.lock";
			outputPaths = (
				"$(DERIVED_FILE_DIR)/Pods-V2EXUITests-checkManifestLockResult.txt",
			);
			runOnlyForDeploymentPostprocessing = 0;
			shellPath = /bin/sh;
			shellScript = "diff \"${PODS_PODFILE_DIR_PATH}/Podfile.lock\" \"${PODS_ROOT}/Manifest.lock\" > /dev/null\nif [ $? != 0 ] ; then\n    # print error to STDERR\n    echo \"error: The sandbox is not in sync with the Podfile.lock. Run 'pod install' or update your CocoaPods installation.\" >&2\n    exit 1\nfi\n# This output is used by Xcode 'outputs' to avoid re-running this script phase.\necho \"SUCCESS\" > \"${SCRIPT_OUTPUT_FILE_0}\"\n";
			showEnvVarsInLog = 0;
		};
		02AEB144AC3FB210B34A20DE /* [CP] Check Pods Manifest.lock */ = {
			isa = PBXShellScriptBuildPhase;
			buildActionMask = 2147483647;
			files = (
			);
			inputPaths = (
				"${PODS_PODFILE_DIR_PATH}/Podfile.lock",
				"${PODS_ROOT}/Manifest.lock",
			);
			name = "[CP] Check Pods Manifest.lock";
			outputPaths = (
				"$(DERIVED_FILE_DIR)/Pods-V2EX-checkManifestLockResult.txt",
			);
			runOnlyForDeploymentPostprocessing = 0;
			shellPath = /bin/sh;
			shellScript = "diff \"${PODS_PODFILE_DIR_PATH}/Podfile.lock\" \"${PODS_ROOT}/Manifest.lock\" > /dev/null\nif [ $? != 0 ] ; then\n    # print error to STDERR\n    echo \"error: The sandbox is not in sync with the Podfile.lock. Run 'pod install' or update your CocoaPods installation.\" >&2\n    exit 1\nfi\n# This output is used by Xcode 'outputs' to avoid re-running this script phase.\necho \"SUCCESS\" > \"${SCRIPT_OUTPUT_FILE_0}\"\n";
			showEnvVarsInLog = 0;
		};
		311A0925355C6E5DF2A6F65C /* [CP] Embed Pods Frameworks */ = {
			isa = PBXShellScriptBuildPhase;
			buildActionMask = 2147483647;
			files = (
			);
			inputPaths = (
			);
			name = "[CP] Embed Pods Frameworks";
			outputPaths = (
			);
			runOnlyForDeploymentPostprocessing = 0;
			shellPath = /bin/sh;
			shellScript = "\"${SRCROOT}/Pods/Target Support Files/Pods-V2EXTests/Pods-V2EXTests-frameworks.sh\"\n";
			showEnvVarsInLog = 0;
		};
		414A5DDE7007F40233E10F82 /* [CP] Embed Pods Frameworks */ = {
			isa = PBXShellScriptBuildPhase;
			buildActionMask = 2147483647;
			files = (
			);
			inputPaths = (
				"${SRCROOT}/Pods/Target Support Files/Pods-V2EX/Pods-V2EX-frameworks.sh",
				"${BUILT_PRODUCTS_DIR}/Alamofire/Alamofire.framework",
				"${BUILT_PRODUCTS_DIR}/Carte/Carte.framework",
				"${BUILT_PRODUCTS_DIR}/IQKeyboardManagerSwift/IQKeyboardManagerSwift.framework",
				"${BUILT_PRODUCTS_DIR}/Kanna/Kanna.framework",
				"${BUILT_PRODUCTS_DIR}/Kingfisher/Kingfisher.framework",
				"${BUILT_PRODUCTS_DIR}/MarkdownView/MarkdownView.framework",
				"${BUILT_PRODUCTS_DIR}/Marklight/Marklight.framework",
				"${BUILT_PRODUCTS_DIR}/PKHUD/PKHUD.framework",
				"${PODS_ROOT}/Reveal-SDK/RevealServer-4/iOS/RevealServer.framework",
				"${BUILT_PRODUCTS_DIR}/RxCocoa/RxCocoa.framework",
				"${BUILT_PRODUCTS_DIR}/RxOptional/RxOptional.framework",
				"${BUILT_PRODUCTS_DIR}/RxSwift/RxSwift.framework",
				"${BUILT_PRODUCTS_DIR}/SQLite.swift/SQLite.framework",
				"${BUILT_PRODUCTS_DIR}/SnapKit/SnapKit.framework",
				"${BUILT_PRODUCTS_DIR}/StatefulViewController/StatefulViewController.framework",
				"${BUILT_PRODUCTS_DIR}/Themes/Themes.framework",
				"${BUILT_PRODUCTS_DIR}/Toaster/Toaster.framework",
				"${BUILT_PRODUCTS_DIR}/UIView+Positioning/UIView_Positioning.framework",
				"${BUILT_PRODUCTS_DIR}/ViewAnimator/ViewAnimator.framework",
				"${BUILT_PRODUCTS_DIR}/YYText/YYText.framework",
			);
			name = "[CP] Embed Pods Frameworks";
			outputPaths = (
				"${TARGET_BUILD_DIR}/${FRAMEWORKS_FOLDER_PATH}/Alamofire.framework",
				"${TARGET_BUILD_DIR}/${FRAMEWORKS_FOLDER_PATH}/Carte.framework",
				"${TARGET_BUILD_DIR}/${FRAMEWORKS_FOLDER_PATH}/IQKeyboardManagerSwift.framework",
				"${TARGET_BUILD_DIR}/${FRAMEWORKS_FOLDER_PATH}/Kanna.framework",
				"${TARGET_BUILD_DIR}/${FRAMEWORKS_FOLDER_PATH}/Kingfisher.framework",
				"${TARGET_BUILD_DIR}/${FRAMEWORKS_FOLDER_PATH}/MarkdownView.framework",
				"${TARGET_BUILD_DIR}/${FRAMEWORKS_FOLDER_PATH}/Marklight.framework",
				"${TARGET_BUILD_DIR}/${FRAMEWORKS_FOLDER_PATH}/PKHUD.framework",
				"${TARGET_BUILD_DIR}/${FRAMEWORKS_FOLDER_PATH}/RevealServer.framework",
				"${TARGET_BUILD_DIR}/${FRAMEWORKS_FOLDER_PATH}/RxCocoa.framework",
				"${TARGET_BUILD_DIR}/${FRAMEWORKS_FOLDER_PATH}/RxOptional.framework",
				"${TARGET_BUILD_DIR}/${FRAMEWORKS_FOLDER_PATH}/RxSwift.framework",
				"${TARGET_BUILD_DIR}/${FRAMEWORKS_FOLDER_PATH}/SQLite.framework",
				"${TARGET_BUILD_DIR}/${FRAMEWORKS_FOLDER_PATH}/SnapKit.framework",
				"${TARGET_BUILD_DIR}/${FRAMEWORKS_FOLDER_PATH}/StatefulViewController.framework",
				"${TARGET_BUILD_DIR}/${FRAMEWORKS_FOLDER_PATH}/Themes.framework",
				"${TARGET_BUILD_DIR}/${FRAMEWORKS_FOLDER_PATH}/Toaster.framework",
				"${TARGET_BUILD_DIR}/${FRAMEWORKS_FOLDER_PATH}/UIView_Positioning.framework",
				"${TARGET_BUILD_DIR}/${FRAMEWORKS_FOLDER_PATH}/ViewAnimator.framework",
				"${TARGET_BUILD_DIR}/${FRAMEWORKS_FOLDER_PATH}/YYText.framework",
			);
			runOnlyForDeploymentPostprocessing = 0;
			shellPath = /bin/sh;
			shellScript = "\"${SRCROOT}/Pods/Target Support Files/Pods-V2EX/Pods-V2EX-frameworks.sh\"\n";
			showEnvVarsInLog = 0;
		};
		648443642AB5DECE41BAF4D5 /* [CP] Embed Pods Frameworks */ = {
			isa = PBXShellScriptBuildPhase;
			buildActionMask = 2147483647;
			files = (
			);
			inputPaths = (
			);
			name = "[CP] Embed Pods Frameworks";
			outputPaths = (
			);
			runOnlyForDeploymentPostprocessing = 0;
			shellPath = /bin/sh;
			shellScript = "\"${SRCROOT}/Pods/Target Support Files/Pods-V2EXUITests/Pods-V2EXUITests-frameworks.sh\"\n";
			showEnvVarsInLog = 0;
		};
		6F09AC68488332B30709BADD /* [Carte] Post Script */ = {
			isa = PBXShellScriptBuildPhase;
			buildActionMask = 2147483647;
			files = (
			);
			inputPaths = (
			);
			name = "[Carte] Post Script";
			outputPaths = (
			);
			runOnlyForDeploymentPostprocessing = 0;
			shellPath = /bin/sh;
			shellScript = "ruby ${PODS_ROOT}/Carte/Sources/Carte/carte.rb post";
			showEnvVarsInLog = 0;
		};
		7F95D5870A86E06F4B63EB0D /* [CP] Copy Pods Resources */ = {
			isa = PBXShellScriptBuildPhase;
			buildActionMask = 2147483647;
			files = (
			);
			inputPaths = (
			);
			name = "[CP] Copy Pods Resources";
			outputPaths = (
			);
			runOnlyForDeploymentPostprocessing = 0;
			shellPath = /bin/sh;
			shellScript = "\"${SRCROOT}/Pods/Target Support Files/Pods-V2EXUITests/Pods-V2EXUITests-resources.sh\"\n";
			showEnvVarsInLog = 0;
		};
		A2AFEDC3B4ED40EC4475EB07 /* [CP] Copy Pods Resources */ = {
			isa = PBXShellScriptBuildPhase;
			buildActionMask = 2147483647;
			files = (
			);
			inputPaths = (
			);
			name = "[CP] Copy Pods Resources";
			outputPaths = (
			);
			runOnlyForDeploymentPostprocessing = 0;
			shellPath = /bin/sh;
			shellScript = "\"${SRCROOT}/Pods/Target Support Files/Pods-V2EX/Pods-V2EX-resources.sh\"\n";
			showEnvVarsInLog = 0;
		};
		BA5163ECA9B798CE401824C5 /* [CP] Copy Pods Resources */ = {
			isa = PBXShellScriptBuildPhase;
			buildActionMask = 2147483647;
			files = (
			);
			inputPaths = (
			);
			name = "[CP] Copy Pods Resources";
			outputPaths = (
			);
			runOnlyForDeploymentPostprocessing = 0;
			shellPath = /bin/sh;
			shellScript = "\"${SRCROOT}/Pods/Target Support Files/Pods-V2EXTests/Pods-V2EXTests-resources.sh\"\n";
			showEnvVarsInLog = 0;
		};
		D642D6D2000EFE05B1160B62 /* [CP] Check Pods Manifest.lock */ = {
			isa = PBXShellScriptBuildPhase;
			buildActionMask = 2147483647;
			files = (
			);
			inputPaths = (
				"${PODS_PODFILE_DIR_PATH}/Podfile.lock",
				"${PODS_ROOT}/Manifest.lock",
			);
			name = "[CP] Check Pods Manifest.lock";
			outputPaths = (
				"$(DERIVED_FILE_DIR)/Pods-V2EXTests-checkManifestLockResult.txt",
			);
			runOnlyForDeploymentPostprocessing = 0;
			shellPath = /bin/sh;
			shellScript = "diff \"${PODS_PODFILE_DIR_PATH}/Podfile.lock\" \"${PODS_ROOT}/Manifest.lock\" > /dev/null\nif [ $? != 0 ] ; then\n    # print error to STDERR\n    echo \"error: The sandbox is not in sync with the Podfile.lock. Run 'pod install' or update your CocoaPods installation.\" >&2\n    exit 1\nfi\n# This output is used by Xcode 'outputs' to avoid re-running this script phase.\necho \"SUCCESS\" > \"${SCRIPT_OUTPUT_FILE_0}\"\n";
			showEnvVarsInLog = 0;
		};
		E62EED9B3D667B480F11A2F0 /* [Carte] Pre Script */ = {
			isa = PBXShellScriptBuildPhase;
			buildActionMask = 2147483647;
			files = (
			);
			inputPaths = (
			);
			name = "[Carte] Pre Script";
			outputPaths = (
			);
			runOnlyForDeploymentPostprocessing = 0;
			shellPath = /bin/sh;
			shellScript = "ruby ${PODS_ROOT}/Carte/Sources/Carte/carte.rb pre";
			showEnvVarsInLog = 0;
		};
/* End PBXShellScriptBuildPhase section */

/* Begin PBXSourcesBuildPhase section */
		BF65BDB01F8E12C80010B4C9 /* Sources */ = {
			isa = PBXSourcesBuildPhase;
			buildActionMask = 2147483647;
			files = (
				778AC6B51F9AF07F0072C6E9 /* HighlightableContainer.swift in Sources */,
				779064481F9B72C1001A5ABA /* UIViewChain.swift in Sources */,
				BFC89B491FA0283800759577 /* TextParser.swift in Sources */,
				773CD8F81F9B141200D5578F /* UIScrollView+Extension.swift in Sources */,
				778AC6B91F9AF07F0072C6E9 /* String+Extensions.swift in Sources */,
				BFEC91D11F9490570050B7F5 /* ForgotPasswordViewController.swift in Sources */,
				BFFAFDE91F9F4428000EB91C /* MemberListViewController.swift in Sources */,
				BFCB675A1F8F51DD00D05A90 /* API2.swift in Sources */,
				BFBCE5B21F90C14B000106D6 /* Swift+Extension.swift in Sources */,
				BF5A6B681F99834400CF6BA1 /* MessageViewController.swift in Sources */,
				BFCB676A1F8F721700D05A90 /* TopicModel.swift in Sources */,
				77507E6B1F9B176700D62286 /* NodeSearchResultViewController.swift in Sources */,
				778AC6B41F9AF07F0072C6E9 /* Highlightable.swift in Sources */,
				BFBCE5AE1F90C14B000106D6 /* ActivityIndicator.swift in Sources */,
				779B17081F8FB0AF00E912E7 /* UIImageView+Extension.swift in Sources */,
				7756CCC81F92360F00EF47B8 /* NodeCell.swift in Sources */,
				7756CCCA1F923D6100EF47B8 /* NodeHeaderView.swift in Sources */,
				BF45FCCD1F906E0D006B2C2F /* TopicDetailViewController.swift in Sources */,
				BFE8CB291FA051E2007E2F02 /* ViewDialogViewController.swift in Sources */,
				BFBCE5B61F90C14B000106D6 /* UIViewController+Rx.swift in Sources */,
				BFEC91CF1F948D8E0050B7F5 /* RegisterViewController.swift in Sources */,
				BF3AB5C71F97672300043269 /* UIPlaceholderTextView.swift in Sources */,
				7756CCCC1F92475F00EF47B8 /* NodeDetailViewController.swift in Sources */,
				77B75DAE1F94FB8C00B7312B /* NodeCollectViewController.swift in Sources */,
				BF5A6B8B1F99E9DB00CF6BA1 /* ReplyCell.swift in Sources */,
				BF9EC8201F95C39A00E7AA02 /* MemberPageViewController.swift in Sources */,
				BF45E00A1F9F08A90001BEB2 /* DataViewController.swift in Sources */,
				BFCB675B1F8F51DD00D05A90 /* Networking.swift in Sources */,
				BF3AB5C51F9756D500043269 /* CommentInputView.swift in Sources */,
				BF5A6B871F99D3D800CF6BA1 /* MyTopicsViewController.swift in Sources */,
				BFCB675C1F8F51DD00D05A90 /* TargetType.swift in Sources */,
				BF9EC8271F95D6EE00E7AA02 /* BasePlaceholderView.swift in Sources */,
				BFE8CB2B1FA0541C007E2F02 /* UIViewController+Extension.swift in Sources */,
				BFBCE5B11F90C14B000106D6 /* Scheduler+Rx.swift in Sources */,
				77C8DF721F930B0E009DE52C /* LoginForm.swift in Sources */,
				77C8DF741F9316F1009DE52C /* UITextField+Extension.swift in Sources */,
				779B17061F8FAF5A00E912E7 /* UILable+Extension.swift in Sources */,
				776EFDCF1F9BA9690087AECC /* TSegmentedControlView.swift in Sources */,
				BFE8CB2D1FA09A9D007E2F02 /* MentionedParser.swift in Sources */,
				BF45E00C1F9F0A400001BEB2 /* StateView.swift in Sources */,
				77C8DF6B1F92FD8F009DE52C /* MoreViewController.swift in Sources */,
				7756CCD01F924F7A00EF47B8 /* HTMLParseService.swift in Sources */,
				776EFDD41F9BB9E70087AECC /* ShareSheetView.swift in Sources */,
				BFCB674D1F8F4A2C00D05A90 /* Foundation+Extension.swift in Sources */,
				BF9EC81C1F95928E00E7AA02 /* NodeCollectCell.swift in Sources */,
				BF5A6B851F99D05800CF6BA1 /* BaseTopicsViewController.swift in Sources */,
				BF7B11201F91F9EA003815C1 /* NodeStore.swift in Sources */,
				BF9EC8281F95D6EE00E7AA02 /* EmptyView.swift in Sources */,
				778AC6A61F9A2C810072C6E9 /* TopicSearchResultViewController.swift in Sources */,
				BFCB67601F8F52B800D05A90 /* GCD.swift in Sources */,
				7756CCCE1F9248CF00EF47B8 /* NodeService.swift in Sources */,
				BFCB675E1F8F521D00D05A90 /* Constants.swift in Sources */,
				BFCB67511F8F4B2300D05A90 /* UIView+Extension.swift in Sources */,
				BF5A6B6D1F99889400CF6BA1 /* MessageModel.swift in Sources */,
				779B16FE1F8FA5DE00E912E7 /* AccountModel.swift in Sources */,
				778AC6B61F9AF07F0072C6E9 /* Highlightables.swift in Sources */,
				BFCB674A1F8F49EA00D05A90 /* Logger.swift in Sources */,
				772A577B1F9786EB003FBE1A /* CreateTopicViewController.swift in Sources */,
				778AC6B81F9AF07F0072C6E9 /* NSAttributedString+Extensions.swift in Sources */,
				BF39FFE91F9442DA00D6F8BD /* LoadingButton.swift in Sources */,
				BFCB67431F8F48AA00D05A90 /* NSObject+Rx.swift in Sources */,
				BF45E0051F9EFEE30001BEB2 /* EnumCollection.swift in Sources */,
				BF7B111E1F91F960003815C1 /* DB.swift in Sources */,
				77C8DF6E1F92FDE2009DE52C /* LoginViewController.swift in Sources */,
				7756CCC61F92354B00EF47B8 /* LeftAlignedCollectionViewFlowLayout.swift in Sources */,
				BF02A2D51F8F433C00BEF85E /* NavigationViewController.swift in Sources */,
				BFCB674F1F8F4A4000D05A90 /* String+Extension.swift in Sources */,
				776EFDD11F9BA9690087AECC /* TSVExtension.swift in Sources */,
				BFBCE5AF1F90C14B000106D6 /* Observable+Operators.swift in Sources */,
				BF7B11181F91E473003815C1 /* UIInsetLabel.swift in Sources */,
				BF45FCCF1F906E74006B2C2F /* CommentModel.swift in Sources */,
				779B17021F8FA8A900E912E7 /* TopicCell.swift in Sources */,
				BF701F201F98610900761E82 /* MarkdownInputAccessoryView.swift in Sources */,
				BFBCE5B31F90C14B000106D6 /* UIBarButtonItem+ClosureAction.swift in Sources */,
				BFEC91CC1F94782A0050B7F5 /* UIKit+Extension.swift in Sources */,
				77B75DAC1F94EA8F00B7312B /* MemberModel.swift in Sources */,
				BFCB67681F8F716600D05A90 /* NodeModel.swift in Sources */,
				BF02A2D31F8F42B800BEF85E /* TabBarViewController.swift in Sources */,
				BFCB67461F8F498900D05A90 /* HomeViewController.swift in Sources */,
				BFCB67641F8F666100D05A90 /* API.swift in Sources */,
				BFBCE5B81F90C4FC000106D6 /* NodesViewController.swift in Sources */,
				BF02A2D21F8F42B600BEF85E /* UIColor+Extension.swift in Sources */,
				BF9EC8291F95D6EE00E7AA02 /* LoadingView.swift in Sources */,
				BFC89B4B1FA033CD00759577 /* FPSLabel.swift in Sources */,
				BF39FFE71F94421C00D6F8BD /* Binder+Extension.swift in Sources */,
				BFE3947D1F90823D00D3ED1D /* TopicCommentCell.swift in Sources */,
				BFCB67481F8F499600D05A90 /* BaseViewController.swift in Sources */,
				776EFDD01F9BA9690087AECC /* TSegmentedView.swift in Sources */,
				BFEC91D31F94AC530050B7F5 /* String+Validate.swift in Sources */,
				BF02A2CE1F8F3FE400BEF85E /* Theme.swift in Sources */,
				BFBCE5A31F90BB9E000106D6 /* HelperFunctions.swift in Sources */,
				778AC6A01F9A29730072C6E9 /* SearchResultModel.swift in Sources */,
				778AC6A81F9A2D540072C6E9 /* TopicSearchResultCell.swift in Sources */,
				BF5A6B6B1F99851500CF6BA1 /* MessageCell.swift in Sources */,
				BF4D779E1F9D896500FAEB7C /* MarkdownPreviewViewController.swift in Sources */,
				BF45DFD21F9ED9140001BEB2 /* ErrorView.swift in Sources */,
				77D0DDF31F9F677500DDC366 /* MemberCell.swift in Sources */,
				BF7B111A1F91E5A3003815C1 /* HUD.swift in Sources */,
				77C8DF701F9305F8009DE52C /* AccountService.swift in Sources */,
				BFCB67661F8F709F00D05A90 /* TopicService.swift in Sources */,
				BFCE8E081F904CA80026F100 /* NodeTabView.swift in Sources */,
				BF65BDB81F8E12C80010B4C9 /* AppDelegate.swift in Sources */,
				BF3AB5C91F976D7100043269 /* UIView+Border.swift in Sources */,
				BF02A2C21F8F3E3800BEF85E /* AppSetup.swift in Sources */,
				776EFDD51F9BB9E70087AECC /* ShareItemView.swift in Sources */,
				779B17041F8FA8C100E912E7 /* BaseTableViewCell.swift in Sources */,
				BF5A6B891F99DBB600CF6BA1 /* MyReplyViewController.swift in Sources */,
				BF9EC81E1F95BFC800E7AA02 /* SweetWebViewController.swift in Sources */,
				BFE3947B1F90822E00D3ED1D /* TopicDetailHeaderView.swift in Sources */,
				BFBCE5B01F90C14B000106D6 /* RxKeyboard.swift in Sources */,
				77507E691F9B168800D62286 /* String+PinYin.swift in Sources */,
				779B17001F8FA87A00E912E7 /* UITableView+Extension.swift in Sources */,
				BF45E0071F9F03380001BEB2 /* AppWindow.swift in Sources */,
			);
			runOnlyForDeploymentPostprocessing = 0;
		};
		BF65BDC41F8E12C80010B4C9 /* Sources */ = {
			isa = PBXSourcesBuildPhase;
			buildActionMask = 2147483647;
			files = (
				BF65BDCD1F8E12C80010B4C9 /* V2EXTests.swift in Sources */,
			);
			runOnlyForDeploymentPostprocessing = 0;
		};
		BF65BDCF1F8E12C80010B4C9 /* Sources */ = {
			isa = PBXSourcesBuildPhase;
			buildActionMask = 2147483647;
			files = (
				BF65BDD81F8E12C80010B4C9 /* V2EXUITests.swift in Sources */,
			);
			runOnlyForDeploymentPostprocessing = 0;
		};
/* End PBXSourcesBuildPhase section */

/* Begin PBXTargetDependency section */
		BF65BDCA1F8E12C80010B4C9 /* PBXTargetDependency */ = {
			isa = PBXTargetDependency;
			target = BF65BDB31F8E12C80010B4C9 /* V2EX */;
			targetProxy = BF65BDC91F8E12C80010B4C9 /* PBXContainerItemProxy */;
		};
		BF65BDD51F8E12C80010B4C9 /* PBXTargetDependency */ = {
			isa = PBXTargetDependency;
			target = BF65BDB31F8E12C80010B4C9 /* V2EX */;
			targetProxy = BF65BDD41F8E12C80010B4C9 /* PBXContainerItemProxy */;
		};
/* End PBXTargetDependency section */

/* Begin PBXVariantGroup section */
		BF65BDC01F8E12C80010B4C9 /* LaunchScreen.storyboard */ = {
			isa = PBXVariantGroup;
			children = (
				BF65BDC11F8E12C80010B4C9 /* Base */,
				778AC6AB1F9AC57A0072C6E9 /* zh-Hans */,
			);
			name = LaunchScreen.storyboard;
			sourceTree = "<group>";
		};
/* End PBXVariantGroup section */

/* Begin XCBuildConfiguration section */
		BF65BDDA1F8E12C80010B4C9 /* Debug */ = {
			isa = XCBuildConfiguration;
			buildSettings = {
				ALWAYS_SEARCH_USER_PATHS = NO;
				CLANG_ANALYZER_LOCALIZABILITY_NONLOCALIZED = YES;
				CLANG_ANALYZER_NONNULL = YES;
				CLANG_ANALYZER_NUMBER_OBJECT_CONVERSION = YES_AGGRESSIVE;
				CLANG_CXX_LANGUAGE_STANDARD = "gnu++14";
				CLANG_CXX_LIBRARY = "libc++";
				CLANG_ENABLE_MODULES = YES;
				CLANG_ENABLE_OBJC_ARC = YES;
				CLANG_WARN_BLOCK_CAPTURE_AUTORELEASING = YES;
				CLANG_WARN_BOOL_CONVERSION = YES;
				CLANG_WARN_COMMA = YES;
				CLANG_WARN_CONSTANT_CONVERSION = YES;
				CLANG_WARN_DIRECT_OBJC_ISA_USAGE = YES_ERROR;
				CLANG_WARN_DOCUMENTATION_COMMENTS = YES;
				CLANG_WARN_EMPTY_BODY = YES;
				CLANG_WARN_ENUM_CONVERSION = YES;
				CLANG_WARN_INFINITE_RECURSION = YES;
				CLANG_WARN_INT_CONVERSION = YES;
				CLANG_WARN_NON_LITERAL_NULL_CONVERSION = YES;
				CLANG_WARN_OBJC_LITERAL_CONVERSION = YES;
				CLANG_WARN_OBJC_ROOT_CLASS = YES_ERROR;
				CLANG_WARN_RANGE_LOOP_ANALYSIS = YES;
				CLANG_WARN_STRICT_PROTOTYPES = YES;
				CLANG_WARN_SUSPICIOUS_MOVE = YES;
				CLANG_WARN_UNGUARDED_AVAILABILITY = YES_AGGRESSIVE;
				CLANG_WARN_UNREACHABLE_CODE = YES;
				CLANG_WARN__DUPLICATE_METHOD_MATCH = YES;
				CODE_SIGN_IDENTITY = "iPhone Developer";
				COPY_PHASE_STRIP = NO;
				DEBUG_INFORMATION_FORMAT = dwarf;
				ENABLE_STRICT_OBJC_MSGSEND = YES;
				ENABLE_TESTABILITY = YES;
				GCC_C_LANGUAGE_STANDARD = gnu11;
				GCC_DYNAMIC_NO_PIC = NO;
				GCC_NO_COMMON_BLOCKS = YES;
				GCC_OPTIMIZATION_LEVEL = 0;
				GCC_PREPROCESSOR_DEFINITIONS = (
					"DEBUG=1",
					"$(inherited)",
				);
				GCC_WARN_64_TO_32_BIT_CONVERSION = YES;
				GCC_WARN_ABOUT_RETURN_TYPE = YES_ERROR;
				GCC_WARN_UNDECLARED_SELECTOR = YES;
				GCC_WARN_UNINITIALIZED_AUTOS = YES_AGGRESSIVE;
				GCC_WARN_UNUSED_FUNCTION = YES;
				GCC_WARN_UNUSED_VARIABLE = YES;
				IPHONEOS_DEPLOYMENT_TARGET = 9.0;
				MTL_ENABLE_DEBUG_INFO = YES;
				ONLY_ACTIVE_ARCH = YES;
				SDKROOT = iphoneos;
				SWIFT_ACTIVE_COMPILATION_CONDITIONS = DEBUG;
				SWIFT_OPTIMIZATION_LEVEL = "-Onone";
			};
			name = Debug;
		};
		BF65BDDB1F8E12C80010B4C9 /* Release */ = {
			isa = XCBuildConfiguration;
			buildSettings = {
				ALWAYS_SEARCH_USER_PATHS = NO;
				CLANG_ANALYZER_LOCALIZABILITY_NONLOCALIZED = YES;
				CLANG_ANALYZER_NONNULL = YES;
				CLANG_ANALYZER_NUMBER_OBJECT_CONVERSION = YES_AGGRESSIVE;
				CLANG_CXX_LANGUAGE_STANDARD = "gnu++14";
				CLANG_CXX_LIBRARY = "libc++";
				CLANG_ENABLE_MODULES = YES;
				CLANG_ENABLE_OBJC_ARC = YES;
				CLANG_WARN_BLOCK_CAPTURE_AUTORELEASING = YES;
				CLANG_WARN_BOOL_CONVERSION = YES;
				CLANG_WARN_COMMA = YES;
				CLANG_WARN_CONSTANT_CONVERSION = YES;
				CLANG_WARN_DIRECT_OBJC_ISA_USAGE = YES_ERROR;
				CLANG_WARN_DOCUMENTATION_COMMENTS = YES;
				CLANG_WARN_EMPTY_BODY = YES;
				CLANG_WARN_ENUM_CONVERSION = YES;
				CLANG_WARN_INFINITE_RECURSION = YES;
				CLANG_WARN_INT_CONVERSION = YES;
				CLANG_WARN_NON_LITERAL_NULL_CONVERSION = YES;
				CLANG_WARN_OBJC_LITERAL_CONVERSION = YES;
				CLANG_WARN_OBJC_ROOT_CLASS = YES_ERROR;
				CLANG_WARN_RANGE_LOOP_ANALYSIS = YES;
				CLANG_WARN_STRICT_PROTOTYPES = YES;
				CLANG_WARN_SUSPICIOUS_MOVE = YES;
				CLANG_WARN_UNGUARDED_AVAILABILITY = YES_AGGRESSIVE;
				CLANG_WARN_UNREACHABLE_CODE = YES;
				CLANG_WARN__DUPLICATE_METHOD_MATCH = YES;
				CODE_SIGN_IDENTITY = "iPhone Developer";
				COPY_PHASE_STRIP = NO;
				DEBUG_INFORMATION_FORMAT = "dwarf-with-dsym";
				ENABLE_NS_ASSERTIONS = NO;
				ENABLE_STRICT_OBJC_MSGSEND = YES;
				GCC_C_LANGUAGE_STANDARD = gnu11;
				GCC_NO_COMMON_BLOCKS = YES;
				GCC_WARN_64_TO_32_BIT_CONVERSION = YES;
				GCC_WARN_ABOUT_RETURN_TYPE = YES_ERROR;
				GCC_WARN_UNDECLARED_SELECTOR = YES;
				GCC_WARN_UNINITIALIZED_AUTOS = YES_AGGRESSIVE;
				GCC_WARN_UNUSED_FUNCTION = YES;
				GCC_WARN_UNUSED_VARIABLE = YES;
				IPHONEOS_DEPLOYMENT_TARGET = 9.0;
				MTL_ENABLE_DEBUG_INFO = NO;
				SDKROOT = iphoneos;
				SWIFT_OPTIMIZATION_LEVEL = "-Owholemodule";
				VALIDATE_PRODUCT = YES;
			};
			name = Release;
		};
		BF65BDDD1F8E12C80010B4C9 /* Debug */ = {
			isa = XCBuildConfiguration;
			baseConfigurationReference = 40829FCF6DA7112AC68BAE24 /* Pods-V2EX.debug.xcconfig */;
			buildSettings = {
				ASSETCATALOG_COMPILER_APPICON_NAME = AppIcon;
				CODE_SIGN_STYLE = Automatic;
				DEVELOPMENT_TEAM = KHQ2YPM72K;
				INFOPLIST_FILE = "V2EX/Supporting Files/Info.plist";
				LD_RUNPATH_SEARCH_PATHS = "$(inherited) @executable_path/Frameworks";
				PRODUCT_BUNDLE_IDENTIFIER = com.joe78.V2EX;
				PRODUCT_NAME = "$(TARGET_NAME)";
				SWIFT_VERSION = 4.0;
				TARGETED_DEVICE_FAMILY = "1,2";
			};
			name = Debug;
		};
		BF65BDDE1F8E12C80010B4C9 /* Release */ = {
			isa = XCBuildConfiguration;
			baseConfigurationReference = E337C44E6CA49FA430E4D9C1 /* Pods-V2EX.release.xcconfig */;
			buildSettings = {
				ASSETCATALOG_COMPILER_APPICON_NAME = AppIcon;
				CODE_SIGN_STYLE = Automatic;
				DEVELOPMENT_TEAM = KHQ2YPM72K;
				INFOPLIST_FILE = "V2EX/Supporting Files/Info.plist";
				LD_RUNPATH_SEARCH_PATHS = "$(inherited) @executable_path/Frameworks";
				PRODUCT_BUNDLE_IDENTIFIER = com.joe78.V2EX;
				PRODUCT_NAME = "$(TARGET_NAME)";
				SWIFT_VERSION = 4.0;
				TARGETED_DEVICE_FAMILY = "1,2";
			};
			name = Release;
		};
		BF65BDE01F8E12C80010B4C9 /* Debug */ = {
			isa = XCBuildConfiguration;
			baseConfigurationReference = A06D4C2BE8DE9A7F928C74E5 /* Pods-V2EXTests.debug.xcconfig */;
			buildSettings = {
				ALWAYS_EMBED_SWIFT_STANDARD_LIBRARIES = YES;
				BUNDLE_LOADER = "$(TEST_HOST)";
				CODE_SIGN_STYLE = Automatic;
				DEVELOPMENT_TEAM = D7C53G746E;
				INFOPLIST_FILE = V2EXTests/Info.plist;
				LD_RUNPATH_SEARCH_PATHS = "$(inherited) @executable_path/Frameworks @loader_path/Frameworks";
				PRODUCT_BUNDLE_IDENTIFIER = com.joe78.V2EXTests;
				PRODUCT_NAME = "$(TARGET_NAME)";
				SWIFT_VERSION = 4.0;
				TARGETED_DEVICE_FAMILY = "1,2";
				TEST_HOST = "$(BUILT_PRODUCTS_DIR)/V2EX.app/V2EX";
			};
			name = Debug;
		};
		BF65BDE11F8E12C80010B4C9 /* Release */ = {
			isa = XCBuildConfiguration;
			baseConfigurationReference = 79E9C346121D264309381B21 /* Pods-V2EXTests.release.xcconfig */;
			buildSettings = {
				ALWAYS_EMBED_SWIFT_STANDARD_LIBRARIES = YES;
				BUNDLE_LOADER = "$(TEST_HOST)";
				CODE_SIGN_STYLE = Automatic;
				DEVELOPMENT_TEAM = D7C53G746E;
				INFOPLIST_FILE = V2EXTests/Info.plist;
				LD_RUNPATH_SEARCH_PATHS = "$(inherited) @executable_path/Frameworks @loader_path/Frameworks";
				PRODUCT_BUNDLE_IDENTIFIER = com.joe78.V2EXTests;
				PRODUCT_NAME = "$(TARGET_NAME)";
				SWIFT_VERSION = 4.0;
				TARGETED_DEVICE_FAMILY = "1,2";
				TEST_HOST = "$(BUILT_PRODUCTS_DIR)/V2EX.app/V2EX";
			};
			name = Release;
		};
		BF65BDE31F8E12C80010B4C9 /* Debug */ = {
			isa = XCBuildConfiguration;
			baseConfigurationReference = 038B6C7B12D8A9D80518EA73 /* Pods-V2EXUITests.debug.xcconfig */;
			buildSettings = {
				ALWAYS_EMBED_SWIFT_STANDARD_LIBRARIES = YES;
				CODE_SIGN_STYLE = Automatic;
				DEVELOPMENT_TEAM = D7C53G746E;
				INFOPLIST_FILE = V2EXUITests/Info.plist;
				LD_RUNPATH_SEARCH_PATHS = "$(inherited) @executable_path/Frameworks @loader_path/Frameworks";
				PRODUCT_BUNDLE_IDENTIFIER = com.joe78.V2EXUITests;
				PRODUCT_NAME = "$(TARGET_NAME)";
				SWIFT_VERSION = 4.0;
				TARGETED_DEVICE_FAMILY = "1,2";
				TEST_TARGET_NAME = V2EX;
			};
			name = Debug;
		};
		BF65BDE41F8E12C80010B4C9 /* Release */ = {
			isa = XCBuildConfiguration;
			baseConfigurationReference = A3FD0254BCE3292D3FCA0608 /* Pods-V2EXUITests.release.xcconfig */;
			buildSettings = {
				ALWAYS_EMBED_SWIFT_STANDARD_LIBRARIES = YES;
				CODE_SIGN_STYLE = Automatic;
				DEVELOPMENT_TEAM = D7C53G746E;
				INFOPLIST_FILE = V2EXUITests/Info.plist;
				LD_RUNPATH_SEARCH_PATHS = "$(inherited) @executable_path/Frameworks @loader_path/Frameworks";
				PRODUCT_BUNDLE_IDENTIFIER = com.joe78.V2EXUITests;
				PRODUCT_NAME = "$(TARGET_NAME)";
				SWIFT_VERSION = 4.0;
				TARGETED_DEVICE_FAMILY = "1,2";
				TEST_TARGET_NAME = V2EX;
			};
			name = Release;
		};
/* End XCBuildConfiguration section */

/* Begin XCConfigurationList section */
		BF65BDAF1F8E12C80010B4C9 /* Build configuration list for PBXProject "V2EX" */ = {
			isa = XCConfigurationList;
			buildConfigurations = (
				BF65BDDA1F8E12C80010B4C9 /* Debug */,
				BF65BDDB1F8E12C80010B4C9 /* Release */,
			);
			defaultConfigurationIsVisible = 0;
			defaultConfigurationName = Release;
		};
		BF65BDDC1F8E12C80010B4C9 /* Build configuration list for PBXNativeTarget "V2EX" */ = {
			isa = XCConfigurationList;
			buildConfigurations = (
				BF65BDDD1F8E12C80010B4C9 /* Debug */,
				BF65BDDE1F8E12C80010B4C9 /* Release */,
			);
			defaultConfigurationIsVisible = 0;
			defaultConfigurationName = Release;
		};
		BF65BDDF1F8E12C80010B4C9 /* Build configuration list for PBXNativeTarget "V2EXTests" */ = {
			isa = XCConfigurationList;
			buildConfigurations = (
				BF65BDE01F8E12C80010B4C9 /* Debug */,
				BF65BDE11F8E12C80010B4C9 /* Release */,
			);
			defaultConfigurationIsVisible = 0;
			defaultConfigurationName = Release;
		};
		BF65BDE21F8E12C80010B4C9 /* Build configuration list for PBXNativeTarget "V2EXUITests" */ = {
			isa = XCConfigurationList;
			buildConfigurations = (
				BF65BDE31F8E12C80010B4C9 /* Debug */,
				BF65BDE41F8E12C80010B4C9 /* Release */,
			);
			defaultConfigurationIsVisible = 0;
			defaultConfigurationName = Release;
		};
/* End XCConfigurationList section */
	};
	rootObject = BF65BDAC1F8E12C80010B4C9 /* Project object */;
}
